<?xml version="1.0" encoding="utf-8"?>
<Project ToolsVersion="4.0" xmlns="http://schemas.microsoft.com/developer/msbuild/2003">
  <ItemGroup>
    <Filter Include="Header Files">
      <UniqueIdentifier>{f38e54a0-04d1-4658-bc2f-05e021ee18d5}</UniqueIdentifier>
    </Filter>
    <Filter Include="Source Files">
      <UniqueIdentifier>{56c1a799-bf78-4e92-8b9a-d125db59e88f}</UniqueIdentifier>
    </Filter>
    <Filter Include="Header Files\NI">
      <UniqueIdentifier>{9a3e55ca-d584-49f6-a06e-ecdef86caae5}</UniqueIdentifier>
    </Filter>
    <Filter Include="Source Files\NI">
      <UniqueIdentifier>{c122c892-5a36-44ca-a3fb-959042cbc0ad}</UniqueIdentifier>
    </Filter>
    <Filter Include="Header Files\Util">
      <UniqueIdentifier>{cbac38ab-14dd-4ebc-b012-c938ac352ed0}</UniqueIdentifier>
    </Filter>
    <Filter Include="Source Files\Util">
      <UniqueIdentifier>{06671b74-d404-460c-88aa-99ff1cc2e739}</UniqueIdentifier>
    </Filter>
    <Filter Include="Header Files\NI\Containers">
      <UniqueIdentifier>{be73ea46-bb09-4644-a5de-919d3f2c96f9}</UniqueIdentifier>
    </Filter>
    <Filter Include="Header Files\Collections">
      <UniqueIdentifier>{6a7ca75a-f3f1-4bc3-afea-9cce16439533}</UniqueIdentifier>
    </Filter>
  </ItemGroup>
  <ItemGroup>
    <ClInclude Include="$(MSBuildThisFileDirectory)NIIteratedList.h">
      <Filter>Header Files\NI\Containers</Filter>
    </ClInclude>
    <ClInclude Include="$(MSBuildThisFileDirectory)NILinkedList.h">
      <Filter>Header Files\NI\Containers</Filter>
    </ClInclude>
    <ClInclude Include="$(MSBuildThisFileDirectory)NITArray.h">
      <Filter>Header Files\NI\Containers</Filter>
    </ClInclude>
    <ClInclude Include="$(MSBuildThisFileDirectory)NIVector3.h">
      <Filter>Header Files\NI</Filter>
    </ClInclude>
    <ClInclude Include="$(MSBuildThisFileDirectory)NIMatrix33.h">
      <Filter>Header Files\NI</Filter>
    </ClInclude>
    <ClInclude Include="$(MSBuildThisFileDirectory)NIColor.h">
      <Filter>Header Files\NI</Filter>
    </ClInclude>
    <ClInclude Include="$(MSBuildThisFileDirectory)NIQuaternion.h">
      <Filter>Header Files\NI</Filter>
    </ClInclude>
    <ClInclude Include="$(MSBuildThisFileDirectory)NIDefines.h">
      <Filter>Header Files\NI</Filter>
    </ClInclude>
    <ClInclude Include="$(MSBuildThisFileDirectory)NIPointer.h">
      <Filter>Header Files\NI</Filter>
    </ClInclude>
    <ClInclude Include="$(MSBuildThisFileDirectory)NIObject.h">
      <Filter>Header Files\NI</Filter>
    </ClInclude>
    <ClInclude Include="$(MSBuildThisFileDirectory)NIRTTI.h">
      <Filter>Header Files\NI</Filter>
    </ClInclude>
    <ClInclude Include="$(MSBuildThisFileDirectory)NIStream.h">
      <Filter>Header Files\NI</Filter>
    </ClInclude>
    <ClInclude Include="$(MSBuildThisFileDirectory)NIObjectNET.h">
      <Filter>Header Files\NI</Filter>
    </ClInclude>
    <ClInclude Include="$(MSBuildThisFileDirectory)NIExtraData.h">
      <Filter>Header Files\NI</Filter>
    </ClInclude>
    <ClInclude Include="$(MSBuildThisFileDirectory)NITimeController.h">
      <Filter>Header Files\NI</Filter>
    </ClInclude>
    <ClInclude Include="$(MSBuildThisFileDirectory)ExceptionUtil.h">
      <Filter>Header Files\Util</Filter>
    </ClInclude>
    <ClInclude Include="$(MSBuildThisFileDirectory)MathUtil.h">
      <Filter>Header Files\Util</Filter>
    </ClInclude>
    <ClInclude Include="$(MSBuildThisFileDirectory)MemoryUtil.h">
      <Filter>Header Files\Util</Filter>
    </ClInclude>
    <ClInclude Include="$(MSBuildThisFileDirectory)WindowsUtil.h">
      <Filter>Header Files\Util</Filter>
    </ClInclude>
    <ClInclude Include="$(MSBuildThisFileDirectory)StringUtil.h">
      <Filter>Header Files\Util</Filter>
    </ClInclude>
    <ClInclude Include="$(MSBuildThisFileDirectory)NIBinaryStream.h">
      <Filter>Header Files\NI</Filter>
    </ClInclude>
    <ClInclude Include="$(MSBuildThisFileDirectory)NIHashMap.h">
      <Filter>Header Files\NI\Containers</Filter>
    </ClInclude>
    <ClInclude Include="$(MSBuildThisFileDirectory)NIAVObject.h">
      <Filter>Header Files\NI</Filter>
    </ClInclude>
    <ClInclude Include="$(MSBuildThisFileDirectory)NIProperty.h">
      <Filter>Header Files\NI</Filter>
    </ClInclude>
    <ClInclude Include="$(MSBuildThisFileDirectory)NITransform.h">
      <Filter>Header Files\NI</Filter>
    </ClInclude>
    <ClInclude Include="$(MSBuildThisFileDirectory)NINode.h">
      <Filter>Header Files\NI</Filter>
    </ClInclude>
    <ClInclude Include="$(MSBuildThisFileDirectory)NIDynamicEffect.h">
      <Filter>Header Files\NI</Filter>
    </ClInclude>
    <ClInclude Include="$(MSBuildThisFileDirectory)NITexture.h">
      <Filter>Header Files\NI</Filter>
    </ClInclude>
    <ClInclude Include="$(MSBuildThisFileDirectory)NIPixelFormat.h">
      <Filter>Header Files\NI</Filter>
    </ClInclude>
    <ClInclude Include="$(MSBuildThisFileDirectory)NIPick.h">
      <Filter>Header Files\NI</Filter>
    </ClInclude>
    <ClInclude Include="$(MSBuildThisFileDirectory)NIVector2.h">
      <Filter>Header Files\NI</Filter>
    </ClInclude>
    <ClInclude Include="$(MSBuildThisFileDirectory)NICamera.h">
      <Filter>Header Files\NI</Filter>
    </ClInclude>
    <ClInclude Include="$(MSBuildThisFileDirectory)NIRenderer.h">
      <Filter>Header Files\NI</Filter>
    </ClInclude>
    <ClInclude Include="$(MSBuildThisFileDirectory)NIRect.h">
      <Filter>Header Files\NI</Filter>
    </ClInclude>
    <ClInclude Include="$(MSBuildThisFileDirectory)NIPlane.h">
      <Filter>Header Files\NI</Filter>
    </ClInclude>
    <ClInclude Include="$(MSBuildThisFileDirectory)LinkedObjectsList.h">
      <Filter>Header Files\Collections</Filter>
    </ClInclude>
    <ClInclude Include="$(MSBuildThisFileDirectory)NILight.h">
      <Filter>Header Files\NI</Filter>
    </ClInclude>
    <ClInclude Include="$(MSBuildThisFileDirectory)NIBound.h">
      <Filter>Header Files\NI</Filter>
    </ClInclude>
    <ClInclude Include="$(MSBuildThisFileDirectory)BasicLinkedList.h">
      <Filter>Header Files\Collections</Filter>
    </ClInclude>
  </ItemGroup>
  <ItemGroup>
    <ClCompile Include="$(MSBuildThisFileDirectory)NIVector3.cpp">
      <Filter>Source Files\NI</Filter>
    </ClCompile>
    <ClCompile Include="$(MSBuildThisFileDirectory)NIMatrix33.cpp">
      <Filter>Source Files\NI</Filter>
    </ClCompile>
    <ClCompile Include="$(MSBuildThisFileDirectory)NIQuaternion.cpp">
      <Filter>Source Files\NI</Filter>
    </ClCompile>
    <ClCompile Include="$(MSBuildThisFileDirectory)NIColor.cpp">
      <Filter>Source Files\NI</Filter>
    </ClCompile>
    <ClCompile Include="$(MSBuildThisFileDirectory)NIObject.cpp">
      <Filter>Source Files\NI</Filter>
    </ClCompile>
    <ClCompile Include="$(MSBuildThisFileDirectory)NIRTTI.cpp">
      <Filter>Source Files\NI</Filter>
    </ClCompile>
    <ClCompile Include="$(MSBuildThisFileDirectory)NIObjectNET.cpp">
      <Filter>Source Files\NI</Filter>
    </ClCompile>
    <ClCompile Include="$(MSBuildThisFileDirectory)MathUtil.cpp">
      <Filter>Source Files\Util</Filter>
    </ClCompile>
    <ClCompile Include="$(MSBuildThisFileDirectory)MemoryUtil.cpp">
      <Filter>Source Files\Util</Filter>
    </ClCompile>
    <ClCompile Include="$(MSBuildThisFileDirectory)WindowsUtil.cpp">
      <Filter>Source Files\Util</Filter>
    </ClCompile>
    <ClCompile Include="$(MSBuildThisFileDirectory)StringUtil.cpp">
      <Filter>Source Files\Util</Filter>
    </ClCompile>
    <ClCompile Include="$(MSBuildThisFileDirectory)NIStream.cpp">
      <Filter>Source Files\NI</Filter>
    </ClCompile>
    <ClCompile Include="$(MSBuildThisFileDirectory)NIExtraData.cpp">
      <Filter>Source Files\NI</Filter>
    </ClCompile>
    <ClCompile Include="$(MSBuildThisFileDirectory)NIBinaryStream.cpp">
      <Filter>Source Files\NI</Filter>
    </ClCompile>
    <ClCompile Include="$(MSBuildThisFileDirectory)NIAVObject.cpp">
      <Filter>Source Files\NI</Filter>
    </ClCompile>
    <ClCompile Include="$(MSBuildThisFileDirectory)NINode.cpp">
      <Filter>Source Files\NI</Filter>
    </ClCompile>
    <ClCompile Include="$(MSBuildThisFileDirectory)NIProperty.cpp">
      <Filter>Source Files\NI</Filter>
    </ClCompile>
    <ClCompile Include="$(MSBuildThisFileDirectory)NITexture.cpp">
      <Filter>Source Files\NI</Filter>
    </ClCompile>
    <ClCompile Include="$(MSBuildThisFileDirectory)NIDynamicEffect.cpp">
      <Filter>Source Files\NI</Filter>
    </ClCompile>
    <ClCompile Include="$(MSBuildThisFileDirectory)NIPick.cpp">
      <Filter>Source Files\NI</Filter>
    </ClCompile>
    <ClCompile Include="$(MSBuildThisFileDirectory)NICamera.cpp">
      <Filter>Source Files\NI</Filter>
    </ClCompile>
  </ItemGroup>
</Project>