
Microsoft Visual Studio Solution File, Format Version 12.00
# Visual Studio 15
VisualStudioVersion = 15.0.27004.2005
MinimumVisualStudioVersion = 10.0.40219.1
Project("{8BC9CEB8-8B4A-11D0-8D11-00A0C91BC942}") = "MWSE", "MWSE.vcxproj", "{CF29BC49-506F-4555-8849-5D59F2519D53}"
EndProject
Global
	GlobalSection(SolutionConfigurationPlatforms) = preSolution
		Debug|x86 = Debug|x86
		Release|x86 = Release|x86
	EndGlobalSection
	GlobalSection(ProjectConfigurationPlatforms) = postSolution
		{CF29BC49-506F-4555-8849-5D59F2519D53}.Debug|x86.ActiveCfg = Debug|Win32
		{CF29BC49-506F-4555-8849-5D59F2519D53}.Debug|x86.Build.0 = Debug|Win32
		{CF29BC49-506F-4555-8849-5D59F2519D53}.Release|x86.ActiveCfg = Release|Win32
		{CF29BC49-506F-4555-8849-5D59F2519D53}.Release|x86.Build.0 = Release|Win32
	EndGlobalSection
	GlobalSection(SolutionProperties) = preSolution
		HideSolutionNode = FALSE
	EndGlobalSection
	GlobalSection(ExtensibilityGlobals) = postSolution
		SolutionGuid = {3079D20E-0739-4F0C-9134-0686AF0EB20E}
	EndGlobalSection
EndGlobal
