<?xml version="1.0" encoding="utf-8"?>
<Project ToolsVersion="4.0" xmlns="http://schemas.microsoft.com/developer/msbuild/2003">
  <ItemGroup>
    <Filter Include="Source Files">
      <UniqueIdentifier>{4FC737F1-C7A5-4376-A066-2A32D752A2FF}</UniqueIdentifier>
      <Extensions>cpp;c;cc;cxx;def;odl;idl;hpj;bat;asm;asmx</Extensions>
    </Filter>
    <Filter Include="Header Files">
      <UniqueIdentifier>{93995380-89BD-4b04-88EB-625FBE52EBFB}</UniqueIdentifier>
      <Extensions>h;hh;hpp;hxx;hm;inl;inc;xsd</Extensions>
    </Filter>
    <Filter Include="Resource Files">
      <UniqueIdentifier>{67DA6AB6-F800-4c08-8B7A-83BB121AAD01}</UniqueIdentifier>
      <Extensions>rc;ico;cur;bmp;dlg;rc2;rct;bin;rgs;gif;jpg;jpeg;jpe;resx;tiff;tif;png;wav;mfcribbon-ms</Extensions>
    </Filter>
    <Filter Include="Header Files\ScriptVM">
      <UniqueIdentifier>{788e7d9f-d144-40dc-9269-327a315bb516}</UniqueIdentifier>
    </Filter>
    <Filter Include="Header Files\DataAdapters">
      <UniqueIdentifier>{920e59e8-136f-47c3-a00b-2140c2503670}</UniqueIdentifier>
    </Filter>
    <Filter Include="Source Files\ScriptVM">
      <UniqueIdentifier>{98090f88-6af9-4784-8299-282fb0bcd73a}</UniqueIdentifier>
    </Filter>
    <Filter Include="Source Files\Functions">
      <UniqueIdentifier>{9751081a-e2ea-4487-ac5f-9bec70a7fd7f}</UniqueIdentifier>
    </Filter>
    <Filter Include="Header Files\Utility">
      <UniqueIdentifier>{b56416f6-f9d7-4b4b-ae95-94e13114b47a}</UniqueIdentifier>
    </Filter>
    <Filter Include="Source Files\Utility">
      <UniqueIdentifier>{a80f4438-f86c-4c93-8dbc-0b1163f26b48}</UniqueIdentifier>
    </Filter>
    <Filter Include="Source Files\DataAdapters">
      <UniqueIdentifier>{2fb5c485-2d19-4254-bda9-7ef4f0c79a3b}</UniqueIdentifier>
    </Filter>
    <Filter Include="Source Files\Functions\Logic">
      <UniqueIdentifier>{bdee9a24-8699-48c0-8e36-0d28cc804d3e}</UniqueIdentifier>
    </Filter>
    <Filter Include="Source Files\Functions\Math">
      <UniqueIdentifier>{bce34f47-3e61-4286-b89e-a5c0233970c7}</UniqueIdentifier>
    </Filter>
    <Filter Include="Source Files\Functions\Arrays">
      <UniqueIdentifier>{c0c18598-6c02-475a-9a09-ab224f72034b}</UniqueIdentifier>
    </Filter>
    <Filter Include="Source Files\Functions\File IO">
      <UniqueIdentifier>{bf50a121-5d26-4031-80b7-2bc93169bc3c}</UniqueIdentifier>
    </Filter>
    <Filter Include="Source Files\Functions\Utility">
      <UniqueIdentifier>{69246e43-644e-4abd-b2e3-bbe9ff5d1bc3}</UniqueIdentifier>
    </Filter>
    <Filter Include="Source Files\Functions\References">
      <UniqueIdentifier>{6c987b3d-88c0-45ef-8b2e-803ee7617540}</UniqueIdentifier>
    </Filter>
    <Filter Include="Source Files\Functions\Records">
      <UniqueIdentifier>{009ec149-c399-43f1-bd12-f2507b3b2411}</UniqueIdentifier>
    </Filter>
    <Filter Include="Source Files\Functions\Actors">
      <UniqueIdentifier>{f698aff9-3bb6-4a1c-b46f-ad0d38d278d1}</UniqueIdentifier>
    </Filter>
    <Filter Include="Source Files\Functions\Objects">
      <UniqueIdentifier>{b3ead495-e949-4db1-a356-84486fb72449}</UniqueIdentifier>
    </Filter>
    <Filter Include="Source Files\Functions\Strings">
      <UniqueIdentifier>{95e8e115-a53a-4b11-82f1-30d6e1d7fc47}</UniqueIdentifier>
    </Filter>
    <Filter Include="Header Files\MGE Interface">
      <UniqueIdentifier>{da22a9fe-c632-4ac8-a7aa-2797d17b8a6f}</UniqueIdentifier>
    </Filter>
    <Filter Include="Source Files\MGE Interface">
      <UniqueIdentifier>{23f0c759-9924-4947-8988-c3c89b4ea786}</UniqueIdentifier>
    </Filter>
  </ItemGroup>
  <ItemGroup>
    <ClInclude Include="Flags.h">
      <Filter>Header Files\ScriptVM</Filter>
    </ClInclude>
    <ClInclude Include="mwAdapter.h">
      <Filter>Header Files\ScriptVM</Filter>
    </ClInclude>
    <ClInclude Include="mwseString.h">
      <Filter>Header Files\DataAdapters</Filter>
    </ClInclude>
    <ClInclude Include="mwseTypes.h">
      <Filter>Header Files\DataAdapters</Filter>
    </ClInclude>
    <ClInclude Include="InstructionInterface.h">
      <Filter>Header Files\ScriptVM</Filter>
    </ClInclude>
    <ClInclude Include="InstructionStore.h">
      <Filter>Header Files\ScriptVM</Filter>
    </ClInclude>
    <ClInclude Include="Stack.h">
      <Filter>Header Files\ScriptVM</Filter>
    </ClInclude>
    <ClInclude Include="VirtualMachine.h">
      <Filter>Header Files\ScriptVM</Filter>
    </ClInclude>
    <ClInclude Include="VMExecuteInterface.h">
      <Filter>Header Files\ScriptVM</Filter>
    </ClInclude>
    <ClInclude Include="VMHookInterface.h">
      <Filter>Header Files\ScriptVM</Filter>
    </ClInclude>
    <ClInclude Include="MemAccess.h">
      <Filter>Header Files\ScriptVM</Filter>
    </ClInclude>
    <ClInclude Include="Log.h">
      <Filter>Header Files\Utility</Filter>
    </ClInclude>
    <ClInclude Include="Reference.h">
      <Filter>Header Files\ScriptVM</Filter>
    </ClInclude>
    <ClInclude Include="RngUtil.h">
      <Filter>Header Files\Utility</Filter>
    </ClInclude>
    <ClInclude Include="TES3Util.h">
      <Filter>Header Files\Utility</Filter>
    </ClInclude>
    <ClInclude Include="StringUtil.h">
      <Filter>Header Files\Utility</Filter>
    </ClInclude>
    <ClInclude Include="ArrayUtil.h">
      <Filter>Header Files\Utility</Filter>
    </ClInclude>
    <ClInclude Include="FileUtil.h">
      <Filter>Header Files\Utility</Filter>
    </ClInclude>
    <ClInclude Include="mwOffsets.h">
      <Filter>Header Files\DataAdapters</Filter>
    </ClInclude>
    <ClInclude Include="ScriptUtil.h">
      <Filter>Header Files\Utility</Filter>
    </ClInclude>
    <ClInclude Include="MgeInstruction.h">
      <Filter>Header Files\MGE Interface</Filter>
    </ClInclude>
    <ClInclude Include="MgeTes3Machine.h">
      <Filter>Header Files\MGE Interface</Filter>
    </ClInclude>
    <ClInclude Include="MgeVirtualMachine.h">
      <Filter>Header Files\MGE Interface</Filter>
    </ClInclude>
    <ClInclude Include="MgeVmtypes.h">
      <Filter>Header Files\MGE Interface</Filter>
    </ClInclude>
    <ClInclude Include="OpCodes.h">
      <Filter>Header Files\DataAdapters</Filter>
    </ClInclude>
    <ClInclude Include="CodePatchUtil.h">
      <Filter>Header Files\Utility</Filter>
    </ClInclude>
    <ClInclude Include="resource.h">
      <Filter>Header Files</Filter>
    </ClInclude>
  </ItemGroup>
  <ItemGroup>
    <ClCompile Include="main.cpp">
      <Filter>Source Files</Filter>
    </ClCompile>
    <ClCompile Include="Flags.cpp">
      <Filter>Source Files\ScriptVM</Filter>
    </ClCompile>
    <ClCompile Include="InstructionInterface.cpp">
      <Filter>Source Files\ScriptVM</Filter>
    </ClCompile>
    <ClCompile Include="InstructionStore.cpp">
      <Filter>Source Files\ScriptVM</Filter>
    </ClCompile>
    <ClCompile Include="Jump.cpp">
      <Filter>Source Files\ScriptVM</Filter>
    </ClCompile>
    <ClCompile Include="Stack.cpp">
      <Filter>Source Files\ScriptVM</Filter>
    </ClCompile>
    <ClCompile Include="getLocal.cpp">
      <Filter>Source Files\ScriptVM</Filter>
    </ClCompile>
    <ClCompile Include="Reference.cpp">
      <Filter>Source Files\ScriptVM</Filter>
    </ClCompile>
    <ClCompile Include="Push.cpp">
      <Filter>Source Files\ScriptVM</Filter>
    </ClCompile>
    <ClCompile Include="Pop.cpp">
      <Filter>Source Files\ScriptVM</Filter>
    </ClCompile>
    <ClCompile Include="Log.cpp">
      <Filter>Source Files\Utility</Filter>
    </ClCompile>
    <ClCompile Include="VirtualMachine.cpp">
      <Filter>Source Files\ScriptVM</Filter>
    </ClCompile>
    <ClCompile Include="mwseString.cpp">
      <Filter>Source Files\DataAdapters</Filter>
    </ClCompile>
    <ClCompile Include="mwAdapter.cpp">
      <Filter>Source Files\ScriptVM</Filter>
    </ClCompile>
    <ClCompile Include="RngUtil.cpp">
      <Filter>Source Files\Utility</Filter>
    </ClCompile>
    <ClCompile Include="TES3Util.cpp">
      <Filter>Source Files\Utility</Filter>
    </ClCompile>
    <ClCompile Include="StringUtil.cpp">
      <Filter>Source Files\Utility</Filter>
    </ClCompile>
    <ClCompile Include="ArrayUtil.cpp">
      <Filter>Source Files\Utility</Filter>
    </ClCompile>
    <ClCompile Include="FileUtil.cpp">
      <Filter>Source Files\Utility</Filter>
    </ClCompile>
    <ClCompile Include="xAnd.cpp">
      <Filter>Source Files\Functions\Logic</Filter>
    </ClCompile>
    <ClCompile Include="xArcCos.cpp">
      <Filter>Source Files\Functions\Math</Filter>
    </ClCompile>
    <ClCompile Include="xArcSin.cpp">
      <Filter>Source Files\Functions\Math</Filter>
    </ClCompile>
    <ClCompile Include="xArcTan.cpp">
      <Filter>Source Files\Functions\Math</Filter>
    </ClCompile>
    <ClCompile Include="xBitAnd.cpp">
      <Filter>Source Files\Functions\Math</Filter>
    </ClCompile>
    <ClCompile Include="xBitNot.cpp">
      <Filter>Source Files\Functions\Math</Filter>
    </ClCompile>
    <ClCompile Include="xBitOr.cpp">
      <Filter>Source Files\Functions\Math</Filter>
    </ClCompile>
    <ClCompile Include="xBitXor.cpp">
      <Filter>Source Files\Functions\Math</Filter>
    </ClCompile>
    <ClCompile Include="xClearArray.cpp">
      <Filter>Source Files\Functions\Arrays</Filter>
    </ClCompile>
    <ClCompile Include="xCos.cpp">
      <Filter>Source Files\Functions\Math</Filter>
    </ClCompile>
    <ClCompile Include="xCreateArray.cpp">
      <Filter>Source Files\Functions\Arrays</Filter>
    </ClCompile>
    <ClCompile Include="xDegRad.cpp">
      <Filter>Source Files\Functions\Math</Filter>
    </ClCompile>
    <ClCompile Include="xDistance.cpp">
      <Filter>Source Files\Functions\Math</Filter>
    </ClCompile>
    <ClCompile Include="xFileReadFloat.cpp">
      <Filter>Source Files\Functions\File IO</Filter>
    </ClCompile>
    <ClCompile Include="xFileReadLong.cpp">
      <Filter>Source Files\Functions\File IO</Filter>
    </ClCompile>
    <ClCompile Include="xFileReadShort.cpp">
      <Filter>Source Files\Functions\File IO</Filter>
    </ClCompile>
    <ClCompile Include="xFileReadString.cpp">
      <Filter>Source Files\Functions\File IO</Filter>
    </ClCompile>
    <ClCompile Include="xFileReadText.cpp">
      <Filter>Source Files\Functions\File IO</Filter>
    </ClCompile>
    <ClCompile Include="xFileRewind.cpp">
      <Filter>Source Files\Functions\File IO</Filter>
    </ClCompile>
    <ClCompile Include="xFileSeek.cpp">
      <Filter>Source Files\Functions\File IO</Filter>
    </ClCompile>
    <ClCompile Include="xFileWriteFloat.cpp">
      <Filter>Source Files\Functions\File IO</Filter>
    </ClCompile>
    <ClCompile Include="xFileWriteLong.cpp">
      <Filter>Source Files\Functions\File IO</Filter>
    </ClCompile>
    <ClCompile Include="xFileWriteShort.cpp">
      <Filter>Source Files\Functions\File IO</Filter>
    </ClCompile>
    <ClCompile Include="xFileWriteString.cpp">
      <Filter>Source Files\Functions\File IO</Filter>
    </ClCompile>
    <ClCompile Include="xFileWriteText.cpp">
      <Filter>Source Files\Functions\File IO</Filter>
    </ClCompile>
    <ClCompile Include="xFloatsToLong.cpp">
      <Filter>Source Files\Functions\Math</Filter>
    </ClCompile>
    <ClCompile Include="xGetArraySize.cpp">
      <Filter>Source Files\Functions\Arrays</Filter>
    </ClCompile>
    <ClCompile Include="xGetArrayValue.cpp">
      <Filter>Source Files\Functions\Arrays</Filter>
    </ClCompile>
    <ClCompile Include="xGetAttribute.cpp">
      <Filter>Source Files\Functions\Actors</Filter>
    </ClCompile>
    <ClCompile Include="xGetBaseAcrobatics.cpp">
      <Filter>Source Files\Functions\Actors</Filter>
    </ClCompile>
    <ClCompile Include="xGetBaseAgi.cpp">
      <Filter>Source Files\Functions\Actors</Filter>
    </ClCompile>
    <ClCompile Include="xGetBaseAlchemy.cpp">
      <Filter>Source Files\Functions\Actors</Filter>
    </ClCompile>
    <ClCompile Include="xGetBaseAlteration.cpp">
      <Filter>Source Files\Functions\Actors</Filter>
    </ClCompile>
    <ClCompile Include="xGetBaseArmorer.cpp">
      <Filter>Source Files\Functions\Actors</Filter>
    </ClCompile>
    <ClCompile Include="xGetBaseAthletics.cpp">
      <Filter>Source Files\Functions\Actors</Filter>
    </ClCompile>
    <ClCompile Include="xGetBaseAttribute.cpp">
      <Filter>Source Files\Functions\Actors</Filter>
    </ClCompile>
    <ClCompile Include="xGetBaseAxe.cpp">
      <Filter>Source Files\Functions\Actors</Filter>
    </ClCompile>
    <ClCompile Include="xGetBaseBlock.cpp">
      <Filter>Source Files\Functions\Actors</Filter>
    </ClCompile>
    <ClCompile Include="xGetBaseBluntWeapon.cpp">
      <Filter>Source Files\Functions\Actors</Filter>
    </ClCompile>
    <ClCompile Include="xGetBaseConjuration.cpp">
      <Filter>Source Files\Functions\Actors</Filter>
    </ClCompile>
    <ClCompile Include="xGetBaseDestruction.cpp">
      <Filter>Source Files\Functions\Actors</Filter>
    </ClCompile>
    <ClCompile Include="xGetBaseEnchant.cpp">
      <Filter>Source Files\Functions\Actors</Filter>
    </ClCompile>
    <ClCompile Include="xGetBaseEnd.cpp">
      <Filter>Source Files\Functions\Actors</Filter>
    </ClCompile>
    <ClCompile Include="xGetBaseHandToHand.cpp">
      <Filter>Source Files\Functions\Actors</Filter>
    </ClCompile>
    <ClCompile Include="xGetBaseHeavyArmor.cpp">
      <Filter>Source Files\Functions\Actors</Filter>
    </ClCompile>
    <ClCompile Include="xGetBaseIllusion.cpp">
      <Filter>Source Files\Functions\Actors</Filter>
    </ClCompile>
    <ClCompile Include="xGetBaseInt.cpp">
      <Filter>Source Files\Functions\Actors</Filter>
    </ClCompile>
    <ClCompile Include="xGetBaseLightArmor.cpp">
      <Filter>Source Files\Functions\Actors</Filter>
    </ClCompile>
    <ClCompile Include="xGetBaseLongBlade.cpp">
      <Filter>Source Files\Functions\Actors</Filter>
    </ClCompile>
    <ClCompile Include="xGetBaseLuc.cpp">
      <Filter>Source Files\Functions\Actors</Filter>
    </ClCompile>
    <ClCompile Include="xGetBaseMarksman.cpp">
      <Filter>Source Files\Functions\Actors</Filter>
    </ClCompile>
    <ClCompile Include="xGetBaseMediumArmor.cpp">
      <Filter>Source Files\Functions\Actors</Filter>
    </ClCompile>
    <ClCompile Include="xGetBaseMercantile.cpp">
      <Filter>Source Files\Functions\Actors</Filter>
    </ClCompile>
    <ClCompile Include="xGetBaseMysticism.cpp">
      <Filter>Source Files\Functions\Actors</Filter>
    </ClCompile>
    <ClCompile Include="xGetBasePer.cpp">
      <Filter>Source Files\Functions\Actors</Filter>
    </ClCompile>
    <ClCompile Include="xGetBaseRestoration.cpp">
      <Filter>Source Files\Functions\Actors</Filter>
    </ClCompile>
    <ClCompile Include="xGetBaseSecurity.cpp">
      <Filter>Source Files\Functions\Actors</Filter>
    </ClCompile>
    <ClCompile Include="xGetBaseShortBlade.cpp">
      <Filter>Source Files\Functions\Actors</Filter>
    </ClCompile>
    <ClCompile Include="xGetBaseSkill.cpp">
      <Filter>Source Files\Functions\Actors</Filter>
    </ClCompile>
    <ClCompile Include="xGetBaseSneak.cpp">
      <Filter>Source Files\Functions\Actors</Filter>
    </ClCompile>
    <ClCompile Include="xGetBaseSpe.cpp">
      <Filter>Source Files\Functions\Actors</Filter>
    </ClCompile>
    <ClCompile Include="xGetBaseSpear.cpp">
      <Filter>Source Files\Functions\Actors</Filter>
    </ClCompile>
    <ClCompile Include="xGetBaseSpeechcraft.cpp">
      <Filter>Source Files\Functions\Actors</Filter>
    </ClCompile>
    <ClCompile Include="xGetBaseStr.cpp">
      <Filter>Source Files\Functions\Actors</Filter>
    </ClCompile>
    <ClCompile Include="xGetBaseUnarmored.cpp">
      <Filter>Source Files\Functions\Actors</Filter>
    </ClCompile>
    <ClCompile Include="xGetBaseWil.cpp">
      <Filter>Source Files\Functions\Actors</Filter>
    </ClCompile>
    <ClCompile Include="xLongToFloats.cpp">
      <Filter>Source Files\Functions\Math</Filter>
    </ClCompile>
    <ClCompile Include="xShift.cpp">
      <Filter>Source Files\Functions\Math</Filter>
    </ClCompile>
    <ClCompile Include="xSin.cpp">
      <Filter>Source Files\Functions\Math</Filter>
    </ClCompile>
    <ClCompile Include="xSqrt.cpp">
      <Filter>Source Files\Functions\Math</Filter>
    </ClCompile>
    <ClCompile Include="xTan.cpp">
      <Filter>Source Files\Functions\Math</Filter>
    </ClCompile>
    <ClCompile Include="xPow.cpp">
      <Filter>Source Files\Functions\Math</Filter>
    </ClCompile>
    <ClCompile Include="xRadDeg.cpp">
      <Filter>Source Files\Functions\Math</Filter>
    </ClCompile>
    <ClCompile Include="xHypot.cpp">
      <Filter>Source Files\Functions\Math</Filter>
    </ClCompile>
    <ClCompile Include="xSetArrayValue.cpp">
      <Filter>Source Files\Functions\Arrays</Filter>
    </ClCompile>
    <ClCompile Include="xFirstItem.cpp">
      <Filter>Source Files\Functions\References</Filter>
    </ClCompile>
    <ClCompile Include="xFirstNPC.cpp">
      <Filter>Source Files\Functions\References</Filter>
    </ClCompile>
    <ClCompile Include="xFirstStatic.cpp">
      <Filter>Source Files\Functions\References</Filter>
    </ClCompile>
    <ClCompile Include="xGetPCTarget.cpp">
      <Filter>Source Files\Functions\References</Filter>
    </ClCompile>
    <ClCompile Include="xGetRef.cpp">
      <Filter>Source Files\Functions\References</Filter>
    </ClCompile>
    <ClCompile Include="xNextRef.cpp">
      <Filter>Source Files\Functions\References</Filter>
    </ClCompile>
    <ClCompile Include="xRefType.cpp">
      <Filter>Source Files\Functions\References</Filter>
    </ClCompile>
    <ClCompile Include="xSetRef.cpp">
      <Filter>Source Files\Functions\References</Filter>
    </ClCompile>
    <ClCompile Include="xLogMessage.cpp">
      <Filter>Source Files\Functions\Utility</Filter>
    </ClCompile>
    <ClCompile Include="xRandomFloat.cpp">
      <Filter>Source Files\Functions\Math</Filter>
    </ClCompile>
    <ClCompile Include="xRandomLong.cpp">
      <Filter>Source Files\Functions\Math</Filter>
    </ClCompile>
    <ClCompile Include="xGetBaseGold.cpp">
      <Filter>Source Files\Functions\Actors</Filter>
    </ClCompile>
    <ClCompile Include="xOr.cpp">
      <Filter>Source Files\Functions\Logic</Filter>
    </ClCompile>
    <ClCompile Include="xNot.cpp">
      <Filter>Source Files\Functions\Logic</Filter>
    </ClCompile>
    <ClCompile Include="xXor.cpp">
      <Filter>Source Files\Functions\Logic</Filter>
    </ClCompile>
    <ClCompile Include="xSetBaseGold.cpp">
      <Filter>Source Files\Functions\Actors</Filter>
    </ClCompile>
    <ClCompile Include="xGetClass.cpp">
      <Filter>Source Files\Functions\Actors</Filter>
    </ClCompile>
    <ClCompile Include="xGetCombat.cpp">
      <Filter>Source Files\Functions\Actors</Filter>
    </ClCompile>
    <ClCompile Include="xGetGold.cpp">
      <Filter>Source Files\Functions\Actors</Filter>
    </ClCompile>
    <ClCompile Include="xGetMagic.cpp">
      <Filter>Source Files\Functions\Actors</Filter>
    </ClCompile>
    <ClCompile Include="xGetBaseID.cpp">
      <Filter>Source Files\Functions\References</Filter>
    </ClCompile>
    <ClCompile Include="xGetCharge.cpp">
      <Filter>Source Files\Functions\Objects</Filter>
    </ClCompile>
    <ClCompile Include="xGetCondition.cpp">
      <Filter>Source Files\Functions\Objects</Filter>
    </ClCompile>
    <ClCompile Include="xGetEnchantEffectInfo.cpp">
      <Filter>Source Files\Functions\Records</Filter>
    </ClCompile>
    <ClCompile Include="xGetEffectInfo.cpp">
      <Filter>Source Files\Functions\Records</Filter>
    </ClCompile>
    <ClCompile Include="xGetEnchantInfo.cpp">
      <Filter>Source Files\Functions\Records</Filter>
    </ClCompile>
    <ClCompile Include="xGetLockLevel.cpp">
      <Filter>Source Files\Functions\Objects</Filter>
    </ClCompile>
    <ClCompile Include="xGetEnchant.cpp">
      <Filter>Source Files\Functions\Objects</Filter>
    </ClCompile>
    <ClCompile Include="xGetMaxCharge.cpp">
      <Filter>Source Files\Functions\Objects</Filter>
    </ClCompile>
    <ClCompile Include="xGetSpellEffectInfo.cpp">
      <Filter>Source Files\Functions\Records</Filter>
    </ClCompile>
    <ClCompile Include="xGetMaxCondition.cpp">
      <Filter>Source Files\Functions\Objects</Filter>
    </ClCompile>
    <ClCompile Include="xGetMaxFatigue.cpp">
      <Filter>Source Files\Functions\Actors</Filter>
    </ClCompile>
    <ClCompile Include="xGetMaxHealth.cpp">
      <Filter>Source Files\Functions\Actors</Filter>
    </ClCompile>
    <ClCompile Include="xGetMaxMagicka.cpp">
      <Filter>Source Files\Functions\Actors</Filter>
    </ClCompile>
    <ClCompile Include="xGetName.cpp">
      <Filter>Source Files\Functions\Objects</Filter>
    </ClCompile>
    <ClCompile Include="xGetOwner.cpp">
      <Filter>Source Files\Functions\Objects</Filter>
    </ClCompile>
    <ClCompile Include="xGetOwnerInfo.cpp">
      <Filter>Source Files\Functions\Objects</Filter>
    </ClCompile>
    <ClCompile Include="xGetProgressLevel.cpp">
      <Filter>Source Files\Functions\Actors</Filter>
    </ClCompile>
    <ClCompile Include="xGetProgressSkill.cpp">
      <Filter>Source Files\Functions\Actors</Filter>
    </ClCompile>
    <ClCompile Include="xGetQuality.cpp">
      <Filter>Source Files\Functions\Objects</Filter>
    </ClCompile>
    <ClCompile Include="xGetRace.cpp">
      <Filter>Source Files\Functions\Actors</Filter>
    </ClCompile>
    <ClCompile Include="xGetService.cpp">
      <Filter>Source Files\Functions\Actors</Filter>
    </ClCompile>
    <ClCompile Include="xGetSkill.cpp">
      <Filter>Source Files\Functions\Actors</Filter>
    </ClCompile>
    <ClCompile Include="xGetSkillInfo.cpp">
      <Filter>Source Files\Functions\Records</Filter>
    </ClCompile>
    <ClCompile Include="xGetSpell.cpp">
      <Filter>Source Files\Functions\Actors</Filter>
    </ClCompile>
    <ClCompile Include="xGetSpellInfo.cpp">
      <Filter>Source Files\Functions\Records</Filter>
    </ClCompile>
    <ClCompile Include="xGetTrap.cpp">
      <Filter>Source Files\Functions\Objects</Filter>
    </ClCompile>
    <ClCompile Include="xGetValue.cpp">
      <Filter>Source Files\Functions\Objects</Filter>
    </ClCompile>
    <ClCompile Include="xGetWeight.cpp">
      <Filter>Source Files\Functions\Objects</Filter>
    </ClCompile>
    <ClCompile Include="xIsFemale.cpp">
      <Filter>Source Files\Functions\Actors</Filter>
    </ClCompile>
    <ClCompile Include="xIsProvider.cpp">
      <Filter>Source Files\Functions\Actors</Filter>
    </ClCompile>
    <ClCompile Include="xIsTrader.cpp">
      <Filter>Source Files\Functions\Actors</Filter>
    </ClCompile>
    <ClCompile Include="xIsTrainer.cpp">
      <Filter>Source Files\Functions\Actors</Filter>
    </ClCompile>
    <ClCompile Include="xKeyPressed.cpp">
      <Filter>Source Files\Functions\Utility</Filter>
    </ClCompile>
    <ClCompile Include="xModAttribute.cpp">
      <Filter>Source Files\Functions\Actors</Filter>
    </ClCompile>
    <ClCompile Include="xModProgressLevel.cpp">
      <Filter>Source Files\Functions\Actors</Filter>
    </ClCompile>
    <ClCompile Include="xModProgressSkill.cpp">
      <Filter>Source Files\Functions\Actors</Filter>
    </ClCompile>
    <ClCompile Include="xModService.cpp">
      <Filter>Source Files\Functions\Actors</Filter>
    </ClCompile>
    <ClCompile Include="xPCCellID.cpp">
      <Filter>Source Files\Functions\Actors</Filter>
    </ClCompile>
    <ClCompile Include="xRefID.cpp">
      <Filter>Source Files\Functions\Objects</Filter>
    </ClCompile>
    <ClCompile Include="xSetBaseEffectInfo.cpp">
      <Filter>Source Files\Functions\Records</Filter>
    </ClCompile>
    <ClCompile Include="xSetCharge.cpp">
      <Filter>Source Files\Functions\Objects</Filter>
    </ClCompile>
    <ClCompile Include="xSetCondition.cpp">
      <Filter>Source Files\Functions\Objects</Filter>
    </ClCompile>
    <ClCompile Include="xSetEffectInfo.cpp">
      <Filter>Source Files\Functions\Records</Filter>
    </ClCompile>
    <ClCompile Include="xStringBuild.cpp">
      <Filter>Source Files\Functions\Strings</Filter>
    </ClCompile>
    <ClCompile Include="xStringCompare.cpp">
      <Filter>Source Files\Functions\Strings</Filter>
    </ClCompile>
    <ClCompile Include="xStringLength.cpp">
      <Filter>Source Files\Functions\Strings</Filter>
    </ClCompile>
    <ClCompile Include="xStringMatch.cpp">
      <Filter>Source Files\Functions\Strings</Filter>
    </ClCompile>
    <ClCompile Include="xStringParse.cpp">
      <Filter>Source Files\Functions\Strings</Filter>
    </ClCompile>
    <ClCompile Include="xSetEnchantInfo.cpp">
      <Filter>Source Files\Functions\Records</Filter>
    </ClCompile>
    <ClCompile Include="xSetGlobal.cpp">
      <Filter>Source Files\Functions\Utility</Filter>
    </ClCompile>
    <ClCompile Include="xSetGold.cpp">
      <Filter>Source Files\Functions\Actors</Filter>
    </ClCompile>
    <ClCompile Include="xSetGSString.cpp">
      <Filter>Source Files\Functions\Utility</Filter>
    </ClCompile>
    <ClCompile Include="xSetMaxCharge.cpp">
      <Filter>Source Files\Functions\Objects</Filter>
    </ClCompile>
    <ClCompile Include="xSetMaxCondition.cpp">
      <Filter>Source Files\Functions\Objects</Filter>
    </ClCompile>
    <ClCompile Include="xSetName.cpp">
      <Filter>Source Files\Functions\References</Filter>
    </ClCompile>
    <ClCompile Include="xSetProgressLevel.cpp">
      <Filter>Source Files\Functions\Actors</Filter>
    </ClCompile>
    <ClCompile Include="xSetProgressSkill.cpp">
      <Filter>Source Files\Functions\Actors</Filter>
    </ClCompile>
    <ClCompile Include="xSetQuality.cpp">
      <Filter>Source Files\Functions\Objects</Filter>
    </ClCompile>
    <ClCompile Include="xSetService.cpp">
      <Filter>Source Files\Functions\Actors</Filter>
    </ClCompile>
    <ClCompile Include="xSetSkillInfo.cpp">
      <Filter>Source Files\Functions\Records</Filter>
    </ClCompile>
    <ClCompile Include="xSetSpellInfo.cpp">
      <Filter>Source Files\Functions\Records</Filter>
    </ClCompile>
    <ClCompile Include="xSetTrap.cpp">
      <Filter>Source Files\Functions\Objects</Filter>
    </ClCompile>
    <ClCompile Include="xSetValue.cpp">
      <Filter>Source Files\Functions\Objects</Filter>
    </ClCompile>
    <ClCompile Include="xSetWeight.cpp">
      <Filter>Source Files\Functions\Objects</Filter>
    </ClCompile>
    <ClCompile Include="xGetGlobal.cpp">
      <Filter>Source Files\Functions\Utility</Filter>
    </ClCompile>
    <ClCompile Include="xAddEffect.cpp">
      <Filter>Source Files\Functions\Records</Filter>
    </ClCompile>
    <ClCompile Include="xContentList.cpp">
      <Filter>Source Files\Functions\References</Filter>
    </ClCompile>
    <ClCompile Include="xGetBaseEffectInfo.cpp">
      <Filter>Source Files\Functions\Records</Filter>
    </ClCompile>
    <ClCompile Include="xCreateSpell.cpp">
      <Filter>Source Files\Functions\Records</Filter>
    </ClCompile>
    <ClCompile Include="xDeleteEffect.cpp">
      <Filter>Source Files\Functions\Records</Filter>
    </ClCompile>
    <ClCompile Include="xDeleteSpell.cpp">
      <Filter>Source Files\Functions\Records</Filter>
    </ClCompile>
    <ClCompile Include="xGetGSString.cpp">
      <Filter>Source Files\Functions\Utility</Filter>
    </ClCompile>
    <ClCompile Include="xGetEncumb.cpp">
      <Filter>Source Files\Functions\References</Filter>
    </ClCompile>
    <ClCompile Include="xGetEncumbrance.cpp">
      <Filter>Source Files\Functions\References</Filter>
    </ClCompile>
    <ClCompile Include="xGetBaseFatigue.cpp">
      <Filter>Source Files\Functions\Records</Filter>
    </ClCompile>
    <ClCompile Include="xGetBaseHealth.cpp">
      <Filter>Source Files\Functions\Records</Filter>
    </ClCompile>
    <ClCompile Include="xGetBaseMagicka.cpp">
      <Filter>Source Files\Functions\Records</Filter>
    </ClCompile>
    <ClCompile Include="xAddItem.cpp">
      <Filter>Source Files\Functions\Objects</Filter>
    </ClCompile>
    <ClCompile Include="ScriptUtil.cpp">
      <Filter>Source Files\Utility</Filter>
    </ClCompile>
    <ClCompile Include="xAITravel.cpp">
      <Filter>Source Files\Functions\Actors</Filter>
    </ClCompile>
    <ClCompile Include="xAddSpell.cpp">
      <Filter>Source Files\Functions\Actors</Filter>
    </ClCompile>
    <ClCompile Include="xDrop.cpp">
      <Filter>Source Files\Functions\Objects</Filter>
    </ClCompile>
    <ClCompile Include="xEquip.cpp">
      <Filter>Source Files\Functions\Actors</Filter>
    </ClCompile>
    <ClCompile Include="xExplodeSpell.cpp">
      <Filter>Source Files\Functions\Actors</Filter>
    </ClCompile>
    <ClCompile Include="xHasItemEquipped.cpp">
      <Filter>Source Files\Functions\Actors</Filter>
    </ClCompile>
    <ClCompile Include="xGetSpellEffects.cpp">
      <Filter>Source Files\Functions\Actors</Filter>
    </ClCompile>
    <ClCompile Include="xMyCellID.cpp">
      <Filter>Source Files\Functions\Actors</Filter>
    </ClCompile>
    <ClCompile Include="xPlace.cpp">
      <Filter>Source Files\Functions\Objects</Filter>
    </ClCompile>
    <ClCompile Include="xPosition.cpp">
      <Filter>Source Files\Functions\Objects</Filter>
    </ClCompile>
    <ClCompile Include="xPositionCell.cpp">
      <Filter>Source Files\Functions\Objects</Filter>
    </ClCompile>
    <ClCompile Include="xRemoveItem.cpp">
      <Filter>Source Files\Functions\Objects</Filter>
    </ClCompile>
    <ClCompile Include="xRemoveSpell.cpp">
      <Filter>Source Files\Functions\Actors</Filter>
    </ClCompile>
    <ClCompile Include="xSetLevel.cpp">
      <Filter>Source Files\Functions\Actors</Filter>
    </ClCompile>
    <ClCompile Include="xStartCombat.cpp">
      <Filter>Source Files\Functions\Actors</Filter>
    </ClCompile>
    <ClCompile Include="xSpellList.cpp">
      <Filter>Source Files\Functions\Actors</Filter>
    </ClCompile>
    <ClCompile Include="xTextInput.cpp">
      <Filter>Source Files\Functions\Utility</Filter>
    </ClCompile>
    <ClCompile Include="xMessageFix.cpp">
      <Filter>Source Files\Functions\Utility</Filter>
    </ClCompile>
    <ClCompile Include="xTextInputAlt.cpp">
      <Filter>Source Files\Functions\Utility</Filter>
    </ClCompile>
    <ClCompile Include="xInventory.cpp">
      <Filter>Source Files\Functions\References</Filter>
    </ClCompile>
    <ClCompile Include="xNextStack.cpp">
      <Filter>Source Files\Functions\References</Filter>
    </ClCompile>
    <ClCompile Include="MgeTes3Machine.cpp">
      <Filter>Source Files\MGE Interface</Filter>
    </ClCompile>
    <ClCompile Include="MgeVirtualMachine.cpp">
      <Filter>Source Files\MGE Interface</Filter>
    </ClCompile>
    <ClCompile Include="xCast.cpp">
      <Filter>Source Files\Functions\Actors</Filter>
    </ClCompile>
    <ClCompile Include="xGetModel.cpp">
      <Filter>Source Files\Functions\References</Filter>
    </ClCompile>
    <ClCompile Include="xGetMCPFeatureState.cpp">
      <Filter>Source Files\Functions\Utility</Filter>
    </ClCompile>
    <ClCompile Include="CodePatchUtil.cpp">
      <Filter>Source Files\Utility</Filter>
    </ClCompile>
  </ItemGroup>
  <ItemGroup>
    <ResourceCompile Include="MWSE.rc">
      <Filter>Resource Files</Filter>
    </ResourceCompile>
  </ItemGroup>
</Project>