<?xml version="1.0" encoding="utf-8"?>
<Project ToolsVersion="4.0" xmlns="http://schemas.microsoft.com/developer/msbuild/2003">
  <ItemGroup>
    <Filter Include="Source Files">
      <UniqueIdentifier>{4FC737F1-C7A5-4376-A066-2A32D752A2FF}</UniqueIdentifier>
      <Extensions>cpp;c;cc;cxx;def;odl;idl;hpj;bat;asm;asmx</Extensions>
    </Filter>
    <Filter Include="Header Files">
      <UniqueIdentifier>{93995380-89BD-4b04-88EB-625FBE52EBFB}</UniqueIdentifier>
      <Extensions>h;hh;hpp;hxx;hm;inl;inc;xsd</Extensions>
    </Filter>
    <Filter Include="Resource Files">
      <UniqueIdentifier>{67DA6AB6-F800-4c08-8B7A-83BB121AAD01}</UniqueIdentifier>
      <Extensions>rc;ico;cur;bmp;dlg;rc2;rct;bin;rgs;gif;jpg;jpeg;jpe;resx;tiff;tif;png;wav;mfcribbon-ms</Extensions>
    </Filter>
    <Filter Include="Header Files\ScriptVM">
      <UniqueIdentifier>{788e7d9f-d144-40dc-9269-327a315bb516}</UniqueIdentifier>
    </Filter>
    <Filter Include="Header Files\DataAdapters">
      <UniqueIdentifier>{920e59e8-136f-47c3-a00b-2140c2503670}</UniqueIdentifier>
    </Filter>
    <Filter Include="Source Files\ScriptVM">
      <UniqueIdentifier>{98090f88-6af9-4784-8299-282fb0bcd73a}</UniqueIdentifier>
    </Filter>
    <Filter Include="Source Files\Functions">
      <UniqueIdentifier>{9751081a-e2ea-4487-ac5f-9bec70a7fd7f}</UniqueIdentifier>
    </Filter>
    <Filter Include="Header Files\Utility">
      <UniqueIdentifier>{b56416f6-f9d7-4b4b-ae95-94e13114b47a}</UniqueIdentifier>
    </Filter>
    <Filter Include="Source Files\Utility">
      <UniqueIdentifier>{a80f4438-f86c-4c93-8dbc-0b1163f26b48}</UniqueIdentifier>
    </Filter>
    <Filter Include="Source Files\DataAdapters">
      <UniqueIdentifier>{2fb5c485-2d19-4254-bda9-7ef4f0c79a3b}</UniqueIdentifier>
    </Filter>
    <Filter Include="Source Files\Functions\Logic">
      <UniqueIdentifier>{bdee9a24-8699-48c0-8e36-0d28cc804d3e}</UniqueIdentifier>
    </Filter>
    <Filter Include="Source Files\Functions\Math">
      <UniqueIdentifier>{bce34f47-3e61-4286-b89e-a5c0233970c7}</UniqueIdentifier>
    </Filter>
    <Filter Include="Source Files\Functions\Arrays">
      <UniqueIdentifier>{c0c18598-6c02-475a-9a09-ab224f72034b}</UniqueIdentifier>
    </Filter>
    <Filter Include="Source Files\Functions\File IO">
      <UniqueIdentifier>{bf50a121-5d26-4031-80b7-2bc93169bc3c}</UniqueIdentifier>
    </Filter>
    <Filter Include="Source Files\Functions\Utility">
      <UniqueIdentifier>{69246e43-644e-4abd-b2e3-bbe9ff5d1bc3}</UniqueIdentifier>
    </Filter>
    <Filter Include="Source Files\Functions\References">
      <UniqueIdentifier>{6c987b3d-88c0-45ef-8b2e-803ee7617540}</UniqueIdentifier>
    </Filter>
    <Filter Include="Source Files\Functions\Records">
      <UniqueIdentifier>{009ec149-c399-43f1-bd12-f2507b3b2411}</UniqueIdentifier>
    </Filter>
    <Filter Include="Source Files\Functions\Actors">
      <UniqueIdentifier>{f698aff9-3bb6-4a1c-b46f-ad0d38d278d1}</UniqueIdentifier>
    </Filter>
    <Filter Include="Source Files\Functions\Objects">
      <UniqueIdentifier>{b3ead495-e949-4db1-a356-84486fb72449}</UniqueIdentifier>
    </Filter>
    <Filter Include="Source Files\Functions\Strings">
      <UniqueIdentifier>{95e8e115-a53a-4b11-82f1-30d6e1d7fc47}</UniqueIdentifier>
    </Filter>
    <Filter Include="Header Files\MGE Interface">
      <UniqueIdentifier>{da22a9fe-c632-4ac8-a7aa-2797d17b8a6f}</UniqueIdentifier>
    </Filter>
    <Filter Include="Source Files\MGE Interface">
      <UniqueIdentifier>{23f0c759-9924-4947-8988-c3c89b4ea786}</UniqueIdentifier>
    </Filter>
    <Filter Include="Source Files\Functions\Scripting">
      <UniqueIdentifier>{04372d31-c2ee-45ef-97a7-648c4a812ad1}</UniqueIdentifier>
    </Filter>
    <Filter Include="Header Files\DataAdapters\TES3">
      <UniqueIdentifier>{ee1c02d9-6611-4b4b-a057-f9f244552b8c}</UniqueIdentifier>
    </Filter>
    <Filter Include="Header Files\DataAdapters\TES3\AI">
      <UniqueIdentifier>{1b9e4e65-fc1f-460c-a4fd-3a530eba6411}</UniqueIdentifier>
    </Filter>
    <Filter Include="Header Files\DataAdapters\TES3\Collections">
      <UniqueIdentifier>{a2c0ae8f-5903-42e7-98a1-ca2fb2257cb2}</UniqueIdentifier>
    </Filter>
    <Filter Include="Header Files\DataAdapters\TES3\Worldspace">
      <UniqueIdentifier>{20042869-924f-41d5-9204-6b2bdecab4ab}</UniqueIdentifier>
    </Filter>
    <Filter Include="Header Files\DataAdapters\TES3\Objects">
      <UniqueIdentifier>{5e05e72b-58ca-4a36-bd5a-ad600bda40c9}</UniqueIdentifier>
    </Filter>
    <Filter Include="Header Files\DataAdapters\TES3\Objects\Item">
      <UniqueIdentifier>{2b3bc6d5-f270-4467-b260-ff7151fb9c83}</UniqueIdentifier>
    </Filter>
    <Filter Include="Header Files\DataAdapters\TES3\Objects\Actor">
      <UniqueIdentifier>{50768a21-fc00-4661-ab73-7035ac28af6d}</UniqueIdentifier>
    </Filter>
    <Filter Include="Header Files\DataAdapters\TES3\_Unsorted_">
      <UniqueIdentifier>{661ff29e-17e0-4fd6-bda3-599f9823c9c8}</UniqueIdentifier>
    </Filter>
    <Filter Include="Header Files\DataAdapters\Direct3D">
      <UniqueIdentifier>{c69f450d-0ef0-43a1-ac94-ffaeb5bf967d}</UniqueIdentifier>
    </Filter>
    <Filter Include="Header Files\DataAdapters\TES3\Dialog">
      <UniqueIdentifier>{2b3c3dd7-acd0-41a8-8ee8-12e9c3e71ef4}</UniqueIdentifier>
    </Filter>
    <Filter Include="Header Files\DataAdapters\TES3\Magic">
      <UniqueIdentifier>{3355fa32-5c19-48dd-88e8-0233f15cd084}</UniqueIdentifier>
    </Filter>
    <Filter Include="Header Files\DataAdapters\TES3\Objects\Actor\Data">
      <UniqueIdentifier>{7b7cd9a1-aef4-4b01-8c30-1e0e6eebe879}</UniqueIdentifier>
    </Filter>
    <Filter Include="Header Files\DataAdapters\TES3\Scripting">
      <UniqueIdentifier>{e0864b5d-a283-4069-971b-194ba279ffab}</UniqueIdentifier>
    </Filter>
    <Filter Include="Header Files\DataAdapters\TES3\Objects\Other">
      <UniqueIdentifier>{13bbc2cf-0995-4f07-bf1c-2df65a817f76}</UniqueIdentifier>
    </Filter>
    <Filter Include="Header Files\Lua">
      <UniqueIdentifier>{537f3124-ae1e-4dbe-88da-8870fced7fa7}</UniqueIdentifier>
    </Filter>
    <Filter Include="Header Files\Lua\sol2">
      <UniqueIdentifier>{49c38c80-85e8-4ebc-ae2e-b8805552aae9}</UniqueIdentifier>
    </Filter>
    <Filter Include="Source Files\Lua">
      <UniqueIdentifier>{f8c5e605-9df8-4756-b370-f13211251225}</UniqueIdentifier>
    </Filter>
    <Filter Include="Header Files\Lua\Bindings">
      <UniqueIdentifier>{f796ca77-0b45-4a33-9f5f-8e48b6629e26}</UniqueIdentifier>
    </Filter>
    <Filter Include="Header Files\Lua\Bindings\TES3">
      <UniqueIdentifier>{38bcc59f-8405-47ac-8a1b-136ac84270dc}</UniqueIdentifier>
    </Filter>
    <Filter Include="Source Files\Lua\Bindings">
      <UniqueIdentifier>{111da9ef-aaed-4c85-9881-de3127252753}</UniqueIdentifier>
    </Filter>
    <Filter Include="Source Files\Lua\Bindings\TES3">
      <UniqueIdentifier>{dadfb912-6f34-42c2-9a34-cec9d9dd3745}</UniqueIdentifier>
    </Filter>
    <Filter Include="Source Files\DataAdapters\TES3">
      <UniqueIdentifier>{e7548b0d-dee0-4eb0-ba9f-eb68c6fcc75f}</UniqueIdentifier>
    </Filter>
    <Filter Include="Source Files\Functions\Lua">
      <UniqueIdentifier>{b9bc6abb-6f06-41bd-94e9-8870580495e9}</UniqueIdentifier>
    </Filter>
    <Filter Include="Header Files\DataAdapters\TES3\UI">
      <UniqueIdentifier>{eeba7987-7ada-4dfb-821c-466cfe35073d}</UniqueIdentifier>
    </Filter>
    <Filter Include="Source Files\DataAdapters\TES3\UI">
      <UniqueIdentifier>{10c0bd64-b749-4f5c-99e9-d5c36a33002c}</UniqueIdentifier>
    </Filter>
    <Filter Include="Header Files\DataAdapters\TES3\Animations">
      <UniqueIdentifier>{e67a3424-5992-4236-a2af-0e68b0c4868e}</UniqueIdentifier>
    </Filter>
    <Filter Include="Header Files\DataAdapters\TES3\Objects\Actor\Mobile">
      <UniqueIdentifier>{59d80928-ea83-4f60-a382-7f0ca6b86d83}</UniqueIdentifier>
    </Filter>
    <Filter Include="Header Files\DataAdapters\NI">
      <UniqueIdentifier>{2e57bc54-bb63-4607-ad35-701699333f04}</UniqueIdentifier>
    </Filter>
    <Filter Include="Source Files\DataAdapters\NI">
      <UniqueIdentifier>{98977581-dad0-4d3d-a594-bc72a385a24e}</UniqueIdentifier>
    </Filter>
    <Filter Include="Source Files\Lua\Bindings\NI">
      <UniqueIdentifier>{8dc98faf-de26-4659-8950-90a36d26a175}</UniqueIdentifier>
    </Filter>
    <Filter Include="Header Files\Lua\Bindings\NI">
      <UniqueIdentifier>{719898ac-e8e4-43e3-b122-ba4970246a82}</UniqueIdentifier>
    </Filter>
    <Filter Include="Header Files\DataAdapters\TES3\Weather">
      <UniqueIdentifier>{492099fe-dfdd-4766-86e8-d3f38bcca43c}</UniqueIdentifier>
    </Filter>
    <Filter Include="Source Files\Lua\Bindings\TES3\UI">
      <UniqueIdentifier>{89bf175d-23eb-4075-9ea7-5d7378efc315}</UniqueIdentifier>
    </Filter>
    <Filter Include="Header Files\Lua\Bindings\TES3\UI">
      <UniqueIdentifier>{f6a29ee0-5513-404b-809d-c7b453fba745}</UniqueIdentifier>
    </Filter>
    <Filter Include="Header Files\DataAdapters\TES3\Crime">
      <UniqueIdentifier>{dd191e36-f5a8-4159-882d-f7eabf36ec1d}</UniqueIdentifier>
    </Filter>
  </ItemGroup>
  <ItemGroup>
    <ClInclude Include="Flags.h">
      <Filter>Header Files\ScriptVM</Filter>
    </ClInclude>
    <ClInclude Include="mwAdapter.h">
      <Filter>Header Files\ScriptVM</Filter>
    </ClInclude>
    <ClInclude Include="mwseString.h">
      <Filter>Header Files\DataAdapters</Filter>
    </ClInclude>
    <ClInclude Include="InstructionInterface.h">
      <Filter>Header Files\ScriptVM</Filter>
    </ClInclude>
    <ClInclude Include="InstructionStore.h">
      <Filter>Header Files\ScriptVM</Filter>
    </ClInclude>
    <ClInclude Include="Stack.h">
      <Filter>Header Files\ScriptVM</Filter>
    </ClInclude>
    <ClInclude Include="VirtualMachine.h">
      <Filter>Header Files\ScriptVM</Filter>
    </ClInclude>
    <ClInclude Include="VMExecuteInterface.h">
      <Filter>Header Files\ScriptVM</Filter>
    </ClInclude>
    <ClInclude Include="VMHookInterface.h">
      <Filter>Header Files\ScriptVM</Filter>
    </ClInclude>
    <ClInclude Include="MemAccess.h">
      <Filter>Header Files\ScriptVM</Filter>
    </ClInclude>
    <ClInclude Include="Log.h">
      <Filter>Header Files\Utility</Filter>
    </ClInclude>
    <ClInclude Include="RngUtil.h">
      <Filter>Header Files\Utility</Filter>
    </ClInclude>
    <ClInclude Include="TES3Util.h">
      <Filter>Header Files\Utility</Filter>
    </ClInclude>
    <ClInclude Include="StringUtil.h">
      <Filter>Header Files\Utility</Filter>
    </ClInclude>
    <ClInclude Include="ArrayUtil.h">
      <Filter>Header Files\Utility</Filter>
    </ClInclude>
    <ClInclude Include="FileUtil.h">
      <Filter>Header Files\Utility</Filter>
    </ClInclude>
    <ClInclude Include="mwOffsets.h">
      <Filter>Header Files\DataAdapters</Filter>
    </ClInclude>
    <ClInclude Include="ScriptUtil.h">
      <Filter>Header Files\Utility</Filter>
    </ClInclude>
    <ClInclude Include="MgeInstruction.h">
      <Filter>Header Files\MGE Interface</Filter>
    </ClInclude>
    <ClInclude Include="MgeTes3Machine.h">
      <Filter>Header Files\MGE Interface</Filter>
    </ClInclude>
    <ClInclude Include="MgeVirtualMachine.h">
      <Filter>Header Files\MGE Interface</Filter>
    </ClInclude>
    <ClInclude Include="MgeVmtypes.h">
      <Filter>Header Files\MGE Interface</Filter>
    </ClInclude>
    <ClInclude Include="CodePatchUtil.h">
      <Filter>Header Files\Utility</Filter>
    </ClInclude>
    <ClInclude Include="resource.h">
      <Filter>Header Files</Filter>
    </ClInclude>
    <ClInclude Include="MWSEDefs.h">
      <Filter>Header Files\Utility</Filter>
    </ClInclude>
    <ClInclude Include="TES3AIPackage.h">
      <Filter>Header Files\DataAdapters\TES3\AI</Filter>
    </ClInclude>
    <ClInclude Include="TES3AIBehavior.h">
      <Filter>Header Files\DataAdapters\TES3\AI</Filter>
    </ClInclude>
    <ClInclude Include="TES3AIConfig.h">
      <Filter>Header Files\DataAdapters\TES3\AI</Filter>
    </ClInclude>
    <ClInclude Include="TES3AIPackageActivate.h">
      <Filter>Header Files\DataAdapters\TES3\AI</Filter>
    </ClInclude>
    <ClInclude Include="TES3AIPackageEscort.h">
      <Filter>Header Files\DataAdapters\TES3\AI</Filter>
    </ClInclude>
    <ClInclude Include="TES3AIPackageFollow.h">
      <Filter>Header Files\DataAdapters\TES3\AI</Filter>
    </ClInclude>
    <ClInclude Include="TES3AIPackageTravel.h">
      <Filter>Header Files\DataAdapters\TES3\AI</Filter>
    </ClInclude>
    <ClInclude Include="TES3AIPackageWander.h">
      <Filter>Header Files\DataAdapters\TES3\AI</Filter>
    </ClInclude>
    <ClInclude Include="TES3Actor.h">
      <Filter>Header Files\DataAdapters\TES3\Objects\Actor</Filter>
    </ClInclude>
    <ClInclude Include="TES3Item.h">
      <Filter>Header Files\DataAdapters\TES3\Objects\Item</Filter>
    </ClInclude>
    <ClInclude Include="TES3Armor.h">
      <Filter>Header Files\DataAdapters\TES3\Objects\Item</Filter>
    </ClInclude>
    <ClInclude Include="TES3Clothing.h">
      <Filter>Header Files\DataAdapters\TES3\Objects\Item</Filter>
    </ClInclude>
    <ClInclude Include="TES3Collections.h">
      <Filter>Header Files\DataAdapters\TES3\Collections</Filter>
    </ClInclude>
    <ClInclude Include="TES3Vectors.h">
      <Filter>Header Files\DataAdapters\TES3\Collections</Filter>
    </ClInclude>
    <ClInclude Include="TES3ReferenceList.h">
      <Filter>Header Files\DataAdapters\TES3\Worldspace</Filter>
    </ClInclude>
    <ClInclude Include="TES3Cell.h">
      <Filter>Header Files\DataAdapters\TES3\Worldspace</Filter>
    </ClInclude>
    <ClInclude Include="TES3Object.h">
      <Filter>Header Files\DataAdapters\TES3\Objects</Filter>
    </ClInclude>
    <ClInclude Include="TES3Reference.h">
      <Filter>Header Files\DataAdapters\TES3\Objects</Filter>
    </ClInclude>
    <ClInclude Include="TES3Container.h">
      <Filter>Header Files\DataAdapters\TES3\Objects\Actor</Filter>
    </ClInclude>
    <ClInclude Include="TES3CombatSession.h">
      <Filter>Header Files\DataAdapters\TES3\_Unsorted_</Filter>
    </ClInclude>
    <ClInclude Include="TES3Inventory.h">
      <Filter>Header Files\DataAdapters\TES3\Objects\Actor</Filter>
    </ClInclude>
    <ClInclude Include="D3DColorValue.h">
      <Filter>Header Files\DataAdapters\Direct3D</Filter>
    </ClInclude>
    <ClInclude Include="D3DLight.h">
      <Filter>Header Files\DataAdapters\Direct3D</Filter>
    </ClInclude>
    <ClInclude Include="D3DMaterial.h">
      <Filter>Header Files\DataAdapters\Direct3D</Filter>
    </ClInclude>
    <ClInclude Include="D3DVector.h">
      <Filter>Header Files\DataAdapters\Direct3D</Filter>
    </ClInclude>
    <ClInclude Include="D3DViewport.h">
      <Filter>Header Files\DataAdapters\Direct3D</Filter>
    </ClInclude>
    <ClInclude Include="TES3DialogueInfo.h">
      <Filter>Header Files\DataAdapters\TES3\Dialog</Filter>
    </ClInclude>
    <ClInclude Include="TES3Enchantment.h">
      <Filter>Header Files\DataAdapters\TES3\Magic</Filter>
    </ClInclude>
    <ClInclude Include="TES3MagicEffect.h">
      <Filter>Header Files\DataAdapters\TES3\Magic</Filter>
    </ClInclude>
    <ClInclude Include="TES3Book.h">
      <Filter>Header Files\DataAdapters\TES3\Objects\Item</Filter>
    </ClInclude>
    <ClInclude Include="TES3Misc.h">
      <Filter>Header Files\DataAdapters\TES3\Objects\Item</Filter>
    </ClInclude>
    <ClInclude Include="TES3Attachment.h">
      <Filter>Header Files\DataAdapters\TES3\Objects</Filter>
    </ClInclude>
    <ClInclude Include="TES3ActionData.h">
      <Filter>Header Files\DataAdapters\TES3\Objects\Actor</Filter>
    </ClInclude>
    <ClInclude Include="TES3Statistic.h">
      <Filter>Header Files\DataAdapters\TES3\Objects\Actor\Data</Filter>
    </ClInclude>
    <ClInclude Include="TES3NPC.h">
      <Filter>Header Files\DataAdapters\TES3\Objects\Actor</Filter>
    </ClInclude>
    <ClInclude Include="TES3SpellList.h">
      <Filter>Header Files\DataAdapters\TES3\Collections</Filter>
    </ClInclude>
    <ClInclude Include="TES3Spell.h">
      <Filter>Header Files\DataAdapters\TES3\Magic</Filter>
    </ClInclude>
    <ClInclude Include="TES3Weapon.h">
      <Filter>Header Files\DataAdapters\TES3\Objects\Item</Filter>
    </ClInclude>
    <ClInclude Include="TES3WorldController.h">
      <Filter>Header Files\DataAdapters\TES3\Worldspace</Filter>
    </ClInclude>
    <ClInclude Include="TES3Skill.h">
      <Filter>Header Files\DataAdapters\TES3\Objects\Actor\Data</Filter>
    </ClInclude>
    <ClInclude Include="TES3Class.h">
      <Filter>Header Files\DataAdapters\TES3\Objects\Actor\Data</Filter>
    </ClInclude>
    <ClInclude Include="TES3GameSetting.h">
      <Filter>Header Files\DataAdapters\TES3\_Unsorted_</Filter>
    </ClInclude>
    <ClInclude Include="OpCodes.h">
      <Filter>Header Files\DataAdapters\TES3\Scripting</Filter>
    </ClInclude>
    <ClInclude Include="TES3Script.h">
      <Filter>Header Files\DataAdapters\TES3\Scripting</Filter>
    </ClInclude>
    <ClInclude Include="TES3GlobalVariable.h">
      <Filter>Header Files\DataAdapters\TES3\Scripting</Filter>
    </ClInclude>
    <ClInclude Include="TES3Alchemy.h">
      <Filter>Header Files\DataAdapters\TES3\Objects\Item</Filter>
    </ClInclude>
    <ClInclude Include="TES3Creature.h">
      <Filter>Header Files\DataAdapters\TES3\Objects\Actor</Filter>
    </ClInclude>
    <ClInclude Include="TES3Ingredient.h">
      <Filter>Header Files\DataAdapters\TES3\Objects\Item</Filter>
    </ClInclude>
    <ClInclude Include="TES3InputController.h">
      <Filter>Header Files\DataAdapters\TES3\_Unsorted_</Filter>
    </ClInclude>
    <ClInclude Include="TES3Lockpick.h">
      <Filter>Header Files\DataAdapters\TES3\Objects\Item</Filter>
    </ClInclude>
    <ClInclude Include="TES3Probe.h">
      <Filter>Header Files\DataAdapters\TES3\Objects\Item</Filter>
    </ClInclude>
    <ClInclude Include="TES3RepairTool.h">
      <Filter>Header Files\DataAdapters\TES3\Objects\Item</Filter>
    </ClInclude>
    <ClInclude Include="TES3Activator.h">
      <Filter>Header Files\DataAdapters\TES3\Objects\Other</Filter>
    </ClInclude>
    <ClInclude Include="TES3Door.h">
      <Filter>Header Files\DataAdapters\TES3\Objects\Other</Filter>
    </ClInclude>
    <ClInclude Include="TES3Race.h">
      <Filter>Header Files\DataAdapters\TES3\Objects\Actor\Data</Filter>
    </ClInclude>
    <ClInclude Include="TES3Faction.h">
      <Filter>Header Files\DataAdapters\TES3\Objects\Actor\Data</Filter>
    </ClInclude>
    <ClInclude Include="sol.hpp">
      <Filter>Header Files\Lua\sol2</Filter>
    </ClInclude>
    <ClInclude Include="sol_forward.hpp">
      <Filter>Header Files\Lua\sol2</Filter>
    </ClInclude>
    <ClInclude Include="LuaManager.h">
      <Filter>Header Files\Lua</Filter>
    </ClInclude>
    <ClInclude Include="TES3VectorsLua.h">
      <Filter>Header Files\Lua\Bindings\TES3</Filter>
    </ClInclude>
    <ClInclude Include="TES3ReferenceLua.h">
      <Filter>Header Files\Lua\Bindings\TES3</Filter>
    </ClInclude>
    <ClInclude Include="LuaUtil.h">
      <Filter>Header Files\Lua</Filter>
    </ClInclude>
    <ClInclude Include="LuaScript.h">
      <Filter>Header Files\Lua</Filter>
    </ClInclude>
    <ClInclude Include="DynamicLuaObject.h">
      <Filter>Header Files\Lua</Filter>
    </ClInclude>
    <ClInclude Include="MemoryUtil.h">
      <Filter>Header Files\Utility</Filter>
    </ClInclude>
    <ClInclude Include="TES3ApparatusLua.h">
      <Filter>Header Files\Lua\Bindings\TES3</Filter>
    </ClInclude>
    <ClInclude Include="TES3StatisticLua.h">
      <Filter>Header Files\Lua\Bindings\TES3</Filter>
    </ClInclude>
    <ClInclude Include="TES3MobileNPCLua.h">
      <Filter>Header Files\Lua\Bindings\TES3</Filter>
    </ClInclude>
    <ClInclude Include="TES3ActivatorLua.h">
      <Filter>Header Files\Lua\Bindings\TES3</Filter>
    </ClInclude>
    <ClInclude Include="TES3AlchemyLua.h">
      <Filter>Header Files\Lua\Bindings\TES3</Filter>
    </ClInclude>
    <ClInclude Include="TES3MagicEffectLua.h">
      <Filter>Header Files\Lua\Bindings\TES3</Filter>
    </ClInclude>
    <ClInclude Include="TES3ArmorLua.h">
      <Filter>Header Files\Lua\Bindings\TES3</Filter>
    </ClInclude>
    <ClInclude Include="TES3BookLua.h">
      <Filter>Header Files\Lua\Bindings\TES3</Filter>
    </ClInclude>
    <ClInclude Include="TES3ClassLua.h">
      <Filter>Header Files\Lua\Bindings\TES3</Filter>
    </ClInclude>
    <ClInclude Include="TES3ClothingLua.h">
      <Filter>Header Files\Lua\Bindings\TES3</Filter>
    </ClInclude>
    <ClInclude Include="TES3CreatureLua.h">
      <Filter>Header Files\Lua\Bindings\TES3</Filter>
    </ClInclude>
    <ClInclude Include="TES3InventoryLua.h">
      <Filter>Header Files\Lua\Bindings\TES3</Filter>
    </ClInclude>
    <ClInclude Include="TES3ContainerLua.h">
      <Filter>Header Files\Lua\Bindings\TES3</Filter>
    </ClInclude>
    <ClInclude Include="TES3IngredientLua.h">
      <Filter>Header Files\Lua\Bindings\TES3</Filter>
    </ClInclude>
    <ClInclude Include="TES3Light.h">
      <Filter>Header Files\DataAdapters\TES3\Objects\Item</Filter>
    </ClInclude>
    <ClInclude Include="TES3LightLua.h">
      <Filter>Header Files\Lua\Bindings\TES3</Filter>
    </ClInclude>
    <ClInclude Include="TES3LockpickLua.h">
      <Filter>Header Files\Lua\Bindings\TES3</Filter>
    </ClInclude>
    <ClInclude Include="TES3ProbeLua.h">
      <Filter>Header Files\Lua\Bindings\TES3</Filter>
    </ClInclude>
    <ClInclude Include="TES3RepairToolLua.h">
      <Filter>Header Files\Lua\Bindings\TES3</Filter>
    </ClInclude>
    <ClInclude Include="TES3WeaponLua.h">
      <Filter>Header Files\Lua\Bindings\TES3</Filter>
    </ClInclude>
    <ClInclude Include="TES3MiscLua.h">
      <Filter>Header Files\Lua\Bindings\TES3</Filter>
    </ClInclude>
    <ClInclude Include="TES3NPCLua.h">
      <Filter>Header Files\Lua\Bindings\TES3</Filter>
    </ClInclude>
    <ClInclude Include="TES3EnchantmentLua.h">
      <Filter>Header Files\Lua\Bindings\TES3</Filter>
    </ClInclude>
    <ClInclude Include="TES3FactionLua.h">
      <Filter>Header Files\Lua\Bindings\TES3</Filter>
    </ClInclude>
    <ClInclude Include="TES3DoorLua.h">
      <Filter>Header Files\Lua\Bindings\TES3</Filter>
    </ClInclude>
    <ClInclude Include="TES3MobileCreatureLua.h">
      <Filter>Header Files\Lua\Bindings\TES3</Filter>
    </ClInclude>
    <ClInclude Include="TES3MobilePlayerLua.h">
      <Filter>Header Files\Lua\Bindings\TES3</Filter>
    </ClInclude>
    <ClInclude Include="TES3ActionDataLua.h">
      <Filter>Header Files\Lua\Bindings\TES3</Filter>
    </ClInclude>
    <ClInclude Include="TES3CellLua.h">
      <Filter>Header Files\Lua\Bindings\TES3</Filter>
    </ClInclude>
    <ClInclude Include="TES3Region.h">
      <Filter>Header Files\DataAdapters\TES3\Worldspace</Filter>
    </ClInclude>
    <ClInclude Include="TES3RegionLua.h">
      <Filter>Header Files\Lua\Bindings\TES3</Filter>
    </ClInclude>
    <ClInclude Include="TES3GameLua.h">
      <Filter>Header Files\Lua\Bindings\TES3</Filter>
    </ClInclude>
    <ClInclude Include="TES3WeatherLua.h">
      <Filter>Header Files\Lua\Bindings\TES3</Filter>
    </ClInclude>
    <ClInclude Include="TES3WeatherControllerLua.h">
      <Filter>Header Files\Lua\Bindings\TES3</Filter>
    </ClInclude>
    <ClInclude Include="TES3WorldControllerLua.h">
      <Filter>Header Files\Lua\Bindings\TES3</Filter>
    </ClInclude>
    <ClInclude Include="TES3Moon.h">
      <Filter>Header Files\DataAdapters\TES3\Worldspace</Filter>
    </ClInclude>
    <ClInclude Include="TES3MoonLua.h">
      <Filter>Header Files\Lua\Bindings\TES3</Filter>
    </ClInclude>
    <ClInclude Include="TES3SpellLua.h">
      <Filter>Header Files\Lua\Bindings\TES3</Filter>
    </ClInclude>
    <ClInclude Include="TES3RaceLua.h">
      <Filter>Header Files\Lua\Bindings\TES3</Filter>
    </ClInclude>
    <ClInclude Include="TES3DataHandlerLua.h">
      <Filter>Header Files\Lua\Bindings\TES3</Filter>
    </ClInclude>
    <ClInclude Include="TES3SkillLua.h">
      <Filter>Header Files\Lua\Bindings\TES3</Filter>
    </ClInclude>
    <ClInclude Include="TES3Sound.h">
      <Filter>Header Files\DataAdapters\TES3\Collections</Filter>
    </ClInclude>
    <ClInclude Include="StackLua.h">
      <Filter>Header Files\Lua\Bindings</Filter>
    </ClInclude>
    <ClInclude Include="ScriptUtilLua.h">
      <Filter>Header Files\Lua\Bindings</Filter>
    </ClInclude>
    <ClInclude Include="TES3ScriptLua.h">
      <Filter>Header Files\Lua\Bindings\TES3</Filter>
    </ClInclude>
    <ClInclude Include="TES3CollectionsLua.h">
      <Filter>Header Files\Lua\Bindings\TES3</Filter>
    </ClInclude>
    <ClInclude Include="TES3ReferenceListLua.h">
      <Filter>Header Files\Lua\Bindings\TES3</Filter>
    </ClInclude>
    <ClInclude Include="TES3Static.h">
      <Filter>Header Files\DataAdapters\TES3\_Unsorted_</Filter>
    </ClInclude>
    <ClInclude Include="TES3StaticLua.h">
      <Filter>Header Files\Lua\Bindings\TES3</Filter>
    </ClInclude>
    <ClInclude Include="UIUtil.h">
      <Filter>Header Files\Utility</Filter>
    </ClInclude>
    <ClInclude Include="TES3GameSettingLua.h">
      <Filter>Header Files\Lua\Bindings\TES3</Filter>
    </ClInclude>
    <ClInclude Include="StringUtilLua.h">
      <Filter>Header Files\Lua\Bindings</Filter>
    </ClInclude>
    <ClInclude Include="TES3UtilLua.h">
      <Filter>Header Files\Lua\Bindings</Filter>
    </ClInclude>
    <ClInclude Include="TES3UIInventoryTile.h">
      <Filter>Header Files\DataAdapters\TES3\UI</Filter>
    </ClInclude>
    <ClInclude Include="TES3UIVector.h">
      <Filter>Header Files\DataAdapters\TES3\UI</Filter>
    </ClInclude>
    <ClInclude Include="TES3UIString.h">
      <Filter>Header Files\DataAdapters\TES3\UI</Filter>
    </ClInclude>
    <ClInclude Include="TES3UITree.h">
      <Filter>Header Files\DataAdapters\TES3\UI</Filter>
    </ClInclude>
    <ClInclude Include="PatchUtil.h">
      <Filter>Header Files\Utility</Filter>
    </ClInclude>
    <ClInclude Include="TES3ActorAnimationData.h">
      <Filter>Header Files\DataAdapters\TES3\Animations</Filter>
    </ClInclude>
    <ClInclude Include="TES3GameFile.h">
      <Filter>Header Files\DataAdapters\TES3\_Unsorted_</Filter>
    </ClInclude>
    <ClInclude Include="LuaEvents.h">
      <Filter>Header Files\Lua</Filter>
    </ClInclude>
    <ClInclude Include="TES3MobileProjectileLua.h">
      <Filter>Header Files\Lua\Bindings\TES3</Filter>
    </ClInclude>
    <ClInclude Include="TES3SoundGenerator.h">
      <Filter>Header Files\DataAdapters\TES3\_Unsorted_</Filter>
    </ClInclude>
    <ClInclude Include="TES3SoundLua.h">
      <Filter>Header Files\Lua\Bindings\TES3</Filter>
    </ClInclude>
    <ClInclude Include="TES3MobileActor.h">
      <Filter>Header Files\DataAdapters\TES3\Objects\Actor\Mobile</Filter>
    </ClInclude>
    <ClInclude Include="TES3MobileCreature.h">
      <Filter>Header Files\DataAdapters\TES3\Objects\Actor\Mobile</Filter>
    </ClInclude>
    <ClInclude Include="TES3MobileNPC.h">
      <Filter>Header Files\DataAdapters\TES3\Objects\Actor\Mobile</Filter>
    </ClInclude>
    <ClInclude Include="TES3MobilePlayer.h">
      <Filter>Header Files\DataAdapters\TES3\Objects\Actor\Mobile</Filter>
    </ClInclude>
    <ClInclude Include="TES3MobileProjectile.h">
      <Filter>Header Files\DataAdapters\TES3\Objects\Actor\Mobile</Filter>
    </ClInclude>
    <ClInclude Include="TES3MobileObject.h">
      <Filter>Header Files\DataAdapters\TES3\Objects\Actor\Mobile</Filter>
    </ClInclude>
    <ClInclude Include="NIDefines.h">
      <Filter>Header Files\DataAdapters\NI</Filter>
    </ClInclude>
    <ClInclude Include="NITransform.h">
      <Filter>Header Files\DataAdapters\NI</Filter>
    </ClInclude>
    <ClInclude Include="NIObject.h">
      <Filter>Header Files\DataAdapters\NI</Filter>
    </ClInclude>
    <ClInclude Include="NIObjectNET.h">
      <Filter>Header Files\DataAdapters\NI</Filter>
    </ClInclude>
    <ClInclude Include="NIAVObject.h">
      <Filter>Header Files\DataAdapters\NI</Filter>
    </ClInclude>
    <ClInclude Include="NINode.h">
      <Filter>Header Files\DataAdapters\NI</Filter>
    </ClInclude>
    <ClInclude Include="NISwitchNode.h">
      <Filter>Header Files\DataAdapters\NI</Filter>
    </ClInclude>
    <ClInclude Include="NIUtil.h">
      <Filter>Header Files\Utility</Filter>
    </ClInclude>
    <ClInclude Include="NIRTTI.h">
      <Filter>Header Files\DataAdapters\NI</Filter>
    </ClInclude>
    <ClInclude Include="NIObjectLua.h">
      <Filter>Header Files\Lua\Bindings\NI</Filter>
    </ClInclude>
    <ClInclude Include="NISwitchNodeLua.h">
      <Filter>Header Files\Lua\Bindings\NI</Filter>
    </ClInclude>
    <ClInclude Include="NINodeLua.h">
      <Filter>Header Files\Lua\Bindings\NI</Filter>
    </ClInclude>
    <ClInclude Include="NICamera.h">
      <Filter>Header Files\DataAdapters\NI</Filter>
    </ClInclude>
    <ClInclude Include="NICameraLua.h">
      <Filter>Header Files\Lua\Bindings\NI</Filter>
    </ClInclude>
    <ClInclude Include="NIPick.h">
      <Filter>Header Files\DataAdapters\NI</Filter>
    </ClInclude>
    <ClInclude Include="NIPickLua.h">
      <Filter>Header Files\Lua\Bindings\NI</Filter>
    </ClInclude>
    <ClInclude Include="TES3PlayerAnimationData.h">
      <Filter>Header Files\DataAdapters\TES3\Animations</Filter>
    </ClInclude>
    <ClInclude Include="TES3MagicSourceInstance.h">
      <Filter>Header Files\DataAdapters\TES3\Magic</Filter>
    </ClInclude>
    <ClInclude Include="TES3MagicSourceInstanceLua.h">
      <Filter>Header Files\Lua\Bindings\TES3</Filter>
    </ClInclude>
    <ClInclude Include="TES3MagicEffectInstanceLua.h">
      <Filter>Header Files\Lua\Bindings\TES3</Filter>
    </ClInclude>
    <ClInclude Include="TES3MagicEffectInstance.h">
      <Filter>Header Files\DataAdapters\TES3\Magic</Filter>
    </ClInclude>
    <ClInclude Include="TES3LeveledList.h">
      <Filter>Header Files\DataAdapters\TES3\Collections</Filter>
    </ClInclude>
    <ClInclude Include="TES3LeveledListLua.h">
      <Filter>Header Files\Lua\Bindings\TES3</Filter>
    </ClInclude>
    <ClInclude Include="TES3SpellListLua.h">
      <Filter>Header Files\Lua\Bindings\TES3</Filter>
    </ClInclude>
    <ClInclude Include="TES3Apparatus.h">
      <Filter>Header Files\DataAdapters\TES3\Objects\Item</Filter>
    </ClInclude>
    <ClInclude Include="TES3MobileActorLua.h">
      <Filter>Header Files\Lua\Bindings\TES3</Filter>
    </ClInclude>
    <ClInclude Include="TES3MobileObjectLua.h">
      <Filter>Header Files\Lua\Bindings\TES3</Filter>
    </ClInclude>
    <ClInclude Include="TES3ObjectLua.h">
      <Filter>Header Files\Lua\Bindings\TES3</Filter>
    </ClInclude>
    <ClInclude Include="TES3GlobalVariableLua.h">
      <Filter>Header Files\Lua\Bindings\TES3</Filter>
    </ClInclude>
    <ClInclude Include="TES3Game.h">
      <Filter>Header Files\DataAdapters\TES3\_Unsorted_</Filter>
    </ClInclude>
    <ClInclude Include="TES3DataHandler.h">
      <Filter>Header Files\DataAdapters\TES3\_Unsorted_</Filter>
    </ClInclude>
    <ClInclude Include="TES3Defines.h">
      <Filter>Header Files\DataAdapters\TES3</Filter>
    </ClInclude>
    <ClInclude Include="TES3WearablePart.h">
      <Filter>Header Files\DataAdapters\TES3\Objects\Other</Filter>
    </ClInclude>
    <ClInclude Include="TES3ActorLua.h">
      <Filter>Header Files\Lua\Bindings\TES3</Filter>
    </ClInclude>
    <ClInclude Include="TES3InputControllerLua.h">
      <Filter>Header Files\Lua\Bindings\TES3</Filter>
    </ClInclude>
    <ClInclude Include="TES3Weather.h">
      <Filter>Header Files\DataAdapters\TES3\Weather</Filter>
    </ClInclude>
    <ClInclude Include="TES3WeatherController.h">
      <Filter>Header Files\DataAdapters\TES3\Weather</Filter>
    </ClInclude>
    <ClInclude Include="TES3WeatherAsh.h">
      <Filter>Header Files\DataAdapters\TES3\Weather</Filter>
    </ClInclude>
    <ClInclude Include="TES3WeatherClear.h">
      <Filter>Header Files\DataAdapters\TES3\Weather</Filter>
    </ClInclude>
    <ClInclude Include="TES3WeatherCloudy.h">
      <Filter>Header Files\DataAdapters\TES3\Weather</Filter>
    </ClInclude>
    <ClInclude Include="TES3WeatherFoggy.h">
      <Filter>Header Files\DataAdapters\TES3\Weather</Filter>
    </ClInclude>
    <ClInclude Include="TES3WeatherOvercast.h">
      <Filter>Header Files\DataAdapters\TES3\Weather</Filter>
    </ClInclude>
    <ClInclude Include="TES3WeatherRain.h">
      <Filter>Header Files\DataAdapters\TES3\Weather</Filter>
    </ClInclude>
    <ClInclude Include="TES3WeatherThunder.h">
      <Filter>Header Files\DataAdapters\TES3\Weather</Filter>
    </ClInclude>
    <ClInclude Include="TES3WeatherBlight.h">
      <Filter>Header Files\DataAdapters\TES3\Weather</Filter>
    </ClInclude>
    <ClInclude Include="TES3WeatherSnow.h">
      <Filter>Header Files\DataAdapters\TES3\Weather</Filter>
    </ClInclude>
    <ClInclude Include="TES3WeatherBlizzard.h">
      <Filter>Header Files\DataAdapters\TES3\Weather</Filter>
    </ClInclude>
    <ClInclude Include="LuaTimer.h">
      <Filter>Header Files\Lua</Filter>
    </ClInclude>
    <ClInclude Include="TES3Dialogue.h">
      <Filter>Header Files\DataAdapters\TES3\Dialog</Filter>
    </ClInclude>
    <ClInclude Include="TES3DialogueLua.h">
      <Filter>Header Files\Lua\Bindings\TES3</Filter>
    </ClInclude>
    <ClInclude Include="TES3Quest.h">
      <Filter>Header Files\DataAdapters\TES3\Dialog</Filter>
    </ClInclude>
    <ClInclude Include="TES3UIDefines.h">
      <Filter>Header Files\DataAdapters\TES3\UI</Filter>
    </ClInclude>
    <ClInclude Include="TES3UIManager.h">
      <Filter>Header Files\DataAdapters\TES3\UI</Filter>
    </ClInclude>
    <ClInclude Include="TES3UIManagerLua.h">
      <Filter>Header Files\Lua\Bindings\TES3\UI</Filter>
    </ClInclude>
    <ClInclude Include="TES3UIMenuController.h">
      <Filter>Header Files\Lua\Bindings\TES3\UI</Filter>
    </ClInclude>
    <ClInclude Include="TES3UIElement.h">
      <Filter>Header Files\DataAdapters\TES3\UI</Filter>
    </ClInclude>
    <ClInclude Include="TES3UIElementLua.h">
      <Filter>Header Files\Lua\Bindings\TES3\UI</Filter>
    </ClInclude>
    <ClInclude Include="TES3UIWidgets.h">
      <Filter>Header Files\DataAdapters\TES3\UI</Filter>
    </ClInclude>
    <ClInclude Include="TES3UIWidgetsLua.h">
      <Filter>Header Files\Lua\Bindings\TES3\UI</Filter>
    </ClInclude>
    <ClInclude Include="TES3AttachmentLua.h">
      <Filter>Header Files\Lua\Bindings\TES3</Filter>
    </ClInclude>
    <ClInclude Include="TES3DialogueConditional.h">
      <Filter>Header Files\DataAdapters\TES3\Dialog</Filter>
    </ClInclude>
    <ClInclude Include="TES3StdString.h">
      <Filter>Header Files\DataAdapters\TES3\_Unsorted_</Filter>
    </ClInclude>
    <ClInclude Include="TES3MobController.h">
      <Filter>Header Files\DataAdapters\TES3\Worldspace</Filter>
    </ClInclude>
    <ClInclude Include="TES3CrimeEvent.h">
      <Filter>Header Files\DataAdapters\TES3\Crime</Filter>
    </ClInclude>
    <ClInclude Include="TES3CrimeTree.h">
      <Filter>Header Files\DataAdapters\TES3\Crime</Filter>
    </ClInclude>
    <ClInclude Include="NIPointer.h">
      <Filter>Header Files\DataAdapters\NI</Filter>
    </ClInclude>
    <ClInclude Include="TES3GameFileLua.h">
      <Filter>Header Files\Lua\Bindings\TES3</Filter>
    </ClInclude>
    <ClInclude Include="NIStream.h">
      <Filter>Header Files\DataAdapters\NI</Filter>
    </ClInclude>
  </ItemGroup>
  <ItemGroup>
    <ClCompile Include="main.cpp">
      <Filter>Source Files</Filter>
    </ClCompile>
    <ClCompile Include="Flags.cpp">
      <Filter>Source Files\ScriptVM</Filter>
    </ClCompile>
    <ClCompile Include="InstructionInterface.cpp">
      <Filter>Source Files\ScriptVM</Filter>
    </ClCompile>
    <ClCompile Include="InstructionStore.cpp">
      <Filter>Source Files\ScriptVM</Filter>
    </ClCompile>
    <ClCompile Include="Jump.cpp">
      <Filter>Source Files\ScriptVM</Filter>
    </ClCompile>
    <ClCompile Include="Stack.cpp">
      <Filter>Source Files\ScriptVM</Filter>
    </ClCompile>
    <ClCompile Include="getLocal.cpp">
      <Filter>Source Files\ScriptVM</Filter>
    </ClCompile>
    <ClCompile Include="Push.cpp">
      <Filter>Source Files\ScriptVM</Filter>
    </ClCompile>
    <ClCompile Include="Pop.cpp">
      <Filter>Source Files\ScriptVM</Filter>
    </ClCompile>
    <ClCompile Include="Log.cpp">
      <Filter>Source Files\Utility</Filter>
    </ClCompile>
    <ClCompile Include="VirtualMachine.cpp">
      <Filter>Source Files\ScriptVM</Filter>
    </ClCompile>
    <ClCompile Include="mwseString.cpp">
      <Filter>Source Files\DataAdapters</Filter>
    </ClCompile>
    <ClCompile Include="mwAdapter.cpp">
      <Filter>Source Files\ScriptVM</Filter>
    </ClCompile>
    <ClCompile Include="RngUtil.cpp">
      <Filter>Source Files\Utility</Filter>
    </ClCompile>
    <ClCompile Include="TES3Util.cpp">
      <Filter>Source Files\Utility</Filter>
    </ClCompile>
    <ClCompile Include="StringUtil.cpp">
      <Filter>Source Files\Utility</Filter>
    </ClCompile>
    <ClCompile Include="ArrayUtil.cpp">
      <Filter>Source Files\Utility</Filter>
    </ClCompile>
    <ClCompile Include="FileUtil.cpp">
      <Filter>Source Files\Utility</Filter>
    </ClCompile>
    <ClCompile Include="xAnd.cpp">
      <Filter>Source Files\Functions\Logic</Filter>
    </ClCompile>
    <ClCompile Include="xArcCos.cpp">
      <Filter>Source Files\Functions\Math</Filter>
    </ClCompile>
    <ClCompile Include="xArcSin.cpp">
      <Filter>Source Files\Functions\Math</Filter>
    </ClCompile>
    <ClCompile Include="xArcTan.cpp">
      <Filter>Source Files\Functions\Math</Filter>
    </ClCompile>
    <ClCompile Include="xBitAnd.cpp">
      <Filter>Source Files\Functions\Math</Filter>
    </ClCompile>
    <ClCompile Include="xBitNot.cpp">
      <Filter>Source Files\Functions\Math</Filter>
    </ClCompile>
    <ClCompile Include="xBitOr.cpp">
      <Filter>Source Files\Functions\Math</Filter>
    </ClCompile>
    <ClCompile Include="xBitXor.cpp">
      <Filter>Source Files\Functions\Math</Filter>
    </ClCompile>
    <ClCompile Include="xClearArray.cpp">
      <Filter>Source Files\Functions\Arrays</Filter>
    </ClCompile>
    <ClCompile Include="xCos.cpp">
      <Filter>Source Files\Functions\Math</Filter>
    </ClCompile>
    <ClCompile Include="xCreateArray.cpp">
      <Filter>Source Files\Functions\Arrays</Filter>
    </ClCompile>
    <ClCompile Include="xDegRad.cpp">
      <Filter>Source Files\Functions\Math</Filter>
    </ClCompile>
    <ClCompile Include="xDistance.cpp">
      <Filter>Source Files\Functions\Math</Filter>
    </ClCompile>
    <ClCompile Include="xFileReadFloat.cpp">
      <Filter>Source Files\Functions\File IO</Filter>
    </ClCompile>
    <ClCompile Include="xFileReadLong.cpp">
      <Filter>Source Files\Functions\File IO</Filter>
    </ClCompile>
    <ClCompile Include="xFileReadShort.cpp">
      <Filter>Source Files\Functions\File IO</Filter>
    </ClCompile>
    <ClCompile Include="xFileReadString.cpp">
      <Filter>Source Files\Functions\File IO</Filter>
    </ClCompile>
    <ClCompile Include="xFileReadText.cpp">
      <Filter>Source Files\Functions\File IO</Filter>
    </ClCompile>
    <ClCompile Include="xFileRewind.cpp">
      <Filter>Source Files\Functions\File IO</Filter>
    </ClCompile>
    <ClCompile Include="xFileSeek.cpp">
      <Filter>Source Files\Functions\File IO</Filter>
    </ClCompile>
    <ClCompile Include="xFileWriteFloat.cpp">
      <Filter>Source Files\Functions\File IO</Filter>
    </ClCompile>
    <ClCompile Include="xFileWriteLong.cpp">
      <Filter>Source Files\Functions\File IO</Filter>
    </ClCompile>
    <ClCompile Include="xFileWriteShort.cpp">
      <Filter>Source Files\Functions\File IO</Filter>
    </ClCompile>
    <ClCompile Include="xFileWriteString.cpp">
      <Filter>Source Files\Functions\File IO</Filter>
    </ClCompile>
    <ClCompile Include="xFileWriteText.cpp">
      <Filter>Source Files\Functions\File IO</Filter>
    </ClCompile>
    <ClCompile Include="xFloatsToLong.cpp">
      <Filter>Source Files\Functions\Math</Filter>
    </ClCompile>
    <ClCompile Include="xGetArraySize.cpp">
      <Filter>Source Files\Functions\Arrays</Filter>
    </ClCompile>
    <ClCompile Include="xGetArrayValue.cpp">
      <Filter>Source Files\Functions\Arrays</Filter>
    </ClCompile>
    <ClCompile Include="xGetAttribute.cpp">
      <Filter>Source Files\Functions\Actors</Filter>
    </ClCompile>
    <ClCompile Include="xGetBaseAcrobatics.cpp">
      <Filter>Source Files\Functions\Actors</Filter>
    </ClCompile>
    <ClCompile Include="xGetBaseAgi.cpp">
      <Filter>Source Files\Functions\Actors</Filter>
    </ClCompile>
    <ClCompile Include="xGetBaseAlchemy.cpp">
      <Filter>Source Files\Functions\Actors</Filter>
    </ClCompile>
    <ClCompile Include="xGetBaseAlteration.cpp">
      <Filter>Source Files\Functions\Actors</Filter>
    </ClCompile>
    <ClCompile Include="xGetBaseArmorer.cpp">
      <Filter>Source Files\Functions\Actors</Filter>
    </ClCompile>
    <ClCompile Include="xGetBaseAthletics.cpp">
      <Filter>Source Files\Functions\Actors</Filter>
    </ClCompile>
    <ClCompile Include="xGetBaseAttribute.cpp">
      <Filter>Source Files\Functions\Actors</Filter>
    </ClCompile>
    <ClCompile Include="xGetBaseAxe.cpp">
      <Filter>Source Files\Functions\Actors</Filter>
    </ClCompile>
    <ClCompile Include="xGetBaseBlock.cpp">
      <Filter>Source Files\Functions\Actors</Filter>
    </ClCompile>
    <ClCompile Include="xGetBaseBluntWeapon.cpp">
      <Filter>Source Files\Functions\Actors</Filter>
    </ClCompile>
    <ClCompile Include="xGetBaseConjuration.cpp">
      <Filter>Source Files\Functions\Actors</Filter>
    </ClCompile>
    <ClCompile Include="xGetBaseDestruction.cpp">
      <Filter>Source Files\Functions\Actors</Filter>
    </ClCompile>
    <ClCompile Include="xGetBaseEnchant.cpp">
      <Filter>Source Files\Functions\Actors</Filter>
    </ClCompile>
    <ClCompile Include="xGetBaseEnd.cpp">
      <Filter>Source Files\Functions\Actors</Filter>
    </ClCompile>
    <ClCompile Include="xGetBaseHandToHand.cpp">
      <Filter>Source Files\Functions\Actors</Filter>
    </ClCompile>
    <ClCompile Include="xGetBaseHeavyArmor.cpp">
      <Filter>Source Files\Functions\Actors</Filter>
    </ClCompile>
    <ClCompile Include="xGetBaseIllusion.cpp">
      <Filter>Source Files\Functions\Actors</Filter>
    </ClCompile>
    <ClCompile Include="xGetBaseInt.cpp">
      <Filter>Source Files\Functions\Actors</Filter>
    </ClCompile>
    <ClCompile Include="xGetBaseLightArmor.cpp">
      <Filter>Source Files\Functions\Actors</Filter>
    </ClCompile>
    <ClCompile Include="xGetBaseLongBlade.cpp">
      <Filter>Source Files\Functions\Actors</Filter>
    </ClCompile>
    <ClCompile Include="xGetBaseLuc.cpp">
      <Filter>Source Files\Functions\Actors</Filter>
    </ClCompile>
    <ClCompile Include="xGetBaseMarksman.cpp">
      <Filter>Source Files\Functions\Actors</Filter>
    </ClCompile>
    <ClCompile Include="xGetBaseMediumArmor.cpp">
      <Filter>Source Files\Functions\Actors</Filter>
    </ClCompile>
    <ClCompile Include="xGetBaseMercantile.cpp">
      <Filter>Source Files\Functions\Actors</Filter>
    </ClCompile>
    <ClCompile Include="xGetBaseMysticism.cpp">
      <Filter>Source Files\Functions\Actors</Filter>
    </ClCompile>
    <ClCompile Include="xGetBasePer.cpp">
      <Filter>Source Files\Functions\Actors</Filter>
    </ClCompile>
    <ClCompile Include="xGetBaseRestoration.cpp">
      <Filter>Source Files\Functions\Actors</Filter>
    </ClCompile>
    <ClCompile Include="xGetBaseSecurity.cpp">
      <Filter>Source Files\Functions\Actors</Filter>
    </ClCompile>
    <ClCompile Include="xGetBaseShortBlade.cpp">
      <Filter>Source Files\Functions\Actors</Filter>
    </ClCompile>
    <ClCompile Include="xGetBaseSkill.cpp">
      <Filter>Source Files\Functions\Actors</Filter>
    </ClCompile>
    <ClCompile Include="xGetBaseSneak.cpp">
      <Filter>Source Files\Functions\Actors</Filter>
    </ClCompile>
    <ClCompile Include="xGetBaseSpe.cpp">
      <Filter>Source Files\Functions\Actors</Filter>
    </ClCompile>
    <ClCompile Include="xGetBaseSpear.cpp">
      <Filter>Source Files\Functions\Actors</Filter>
    </ClCompile>
    <ClCompile Include="xGetBaseSpeechcraft.cpp">
      <Filter>Source Files\Functions\Actors</Filter>
    </ClCompile>
    <ClCompile Include="xGetBaseStr.cpp">
      <Filter>Source Files\Functions\Actors</Filter>
    </ClCompile>
    <ClCompile Include="xGetBaseUnarmored.cpp">
      <Filter>Source Files\Functions\Actors</Filter>
    </ClCompile>
    <ClCompile Include="xGetBaseWil.cpp">
      <Filter>Source Files\Functions\Actors</Filter>
    </ClCompile>
    <ClCompile Include="xLongToFloats.cpp">
      <Filter>Source Files\Functions\Math</Filter>
    </ClCompile>
    <ClCompile Include="xShift.cpp">
      <Filter>Source Files\Functions\Math</Filter>
    </ClCompile>
    <ClCompile Include="xSin.cpp">
      <Filter>Source Files\Functions\Math</Filter>
    </ClCompile>
    <ClCompile Include="xSqrt.cpp">
      <Filter>Source Files\Functions\Math</Filter>
    </ClCompile>
    <ClCompile Include="xTan.cpp">
      <Filter>Source Files\Functions\Math</Filter>
    </ClCompile>
    <ClCompile Include="xPow.cpp">
      <Filter>Source Files\Functions\Math</Filter>
    </ClCompile>
    <ClCompile Include="xRadDeg.cpp">
      <Filter>Source Files\Functions\Math</Filter>
    </ClCompile>
    <ClCompile Include="xHypot.cpp">
      <Filter>Source Files\Functions\Math</Filter>
    </ClCompile>
    <ClCompile Include="xSetArrayValue.cpp">
      <Filter>Source Files\Functions\Arrays</Filter>
    </ClCompile>
    <ClCompile Include="xFirstItem.cpp">
      <Filter>Source Files\Functions\References</Filter>
    </ClCompile>
    <ClCompile Include="xFirstNPC.cpp">
      <Filter>Source Files\Functions\References</Filter>
    </ClCompile>
    <ClCompile Include="xFirstStatic.cpp">
      <Filter>Source Files\Functions\References</Filter>
    </ClCompile>
    <ClCompile Include="xGetPCTarget.cpp">
      <Filter>Source Files\Functions\References</Filter>
    </ClCompile>
    <ClCompile Include="xGetRef.cpp">
      <Filter>Source Files\Functions\References</Filter>
    </ClCompile>
    <ClCompile Include="xNextRef.cpp">
      <Filter>Source Files\Functions\References</Filter>
    </ClCompile>
    <ClCompile Include="xRefType.cpp">
      <Filter>Source Files\Functions\References</Filter>
    </ClCompile>
    <ClCompile Include="xSetRef.cpp">
      <Filter>Source Files\Functions\References</Filter>
    </ClCompile>
    <ClCompile Include="xLogMessage.cpp">
      <Filter>Source Files\Functions\Utility</Filter>
    </ClCompile>
    <ClCompile Include="xRandomFloat.cpp">
      <Filter>Source Files\Functions\Math</Filter>
    </ClCompile>
    <ClCompile Include="xRandomLong.cpp">
      <Filter>Source Files\Functions\Math</Filter>
    </ClCompile>
    <ClCompile Include="xGetBaseGold.cpp">
      <Filter>Source Files\Functions\Actors</Filter>
    </ClCompile>
    <ClCompile Include="xOr.cpp">
      <Filter>Source Files\Functions\Logic</Filter>
    </ClCompile>
    <ClCompile Include="xNot.cpp">
      <Filter>Source Files\Functions\Logic</Filter>
    </ClCompile>
    <ClCompile Include="xXor.cpp">
      <Filter>Source Files\Functions\Logic</Filter>
    </ClCompile>
    <ClCompile Include="xSetBaseGold.cpp">
      <Filter>Source Files\Functions\Actors</Filter>
    </ClCompile>
    <ClCompile Include="xGetClass.cpp">
      <Filter>Source Files\Functions\Actors</Filter>
    </ClCompile>
    <ClCompile Include="xGetCombat.cpp">
      <Filter>Source Files\Functions\Actors</Filter>
    </ClCompile>
    <ClCompile Include="xGetGold.cpp">
      <Filter>Source Files\Functions\Actors</Filter>
    </ClCompile>
    <ClCompile Include="xGetMagic.cpp">
      <Filter>Source Files\Functions\Actors</Filter>
    </ClCompile>
    <ClCompile Include="xGetBaseID.cpp">
      <Filter>Source Files\Functions\References</Filter>
    </ClCompile>
    <ClCompile Include="xGetCharge.cpp">
      <Filter>Source Files\Functions\Objects</Filter>
    </ClCompile>
    <ClCompile Include="xGetCondition.cpp">
      <Filter>Source Files\Functions\Objects</Filter>
    </ClCompile>
    <ClCompile Include="xGetEnchantEffectInfo.cpp">
      <Filter>Source Files\Functions\Records</Filter>
    </ClCompile>
    <ClCompile Include="xGetEffectInfo.cpp">
      <Filter>Source Files\Functions\Records</Filter>
    </ClCompile>
    <ClCompile Include="xGetEnchantInfo.cpp">
      <Filter>Source Files\Functions\Records</Filter>
    </ClCompile>
    <ClCompile Include="xGetLockLevel.cpp">
      <Filter>Source Files\Functions\Objects</Filter>
    </ClCompile>
    <ClCompile Include="xGetEnchant.cpp">
      <Filter>Source Files\Functions\Objects</Filter>
    </ClCompile>
    <ClCompile Include="xGetMaxCharge.cpp">
      <Filter>Source Files\Functions\Objects</Filter>
    </ClCompile>
    <ClCompile Include="xGetSpellEffectInfo.cpp">
      <Filter>Source Files\Functions\Records</Filter>
    </ClCompile>
    <ClCompile Include="xGetMaxCondition.cpp">
      <Filter>Source Files\Functions\Objects</Filter>
    </ClCompile>
    <ClCompile Include="xGetMaxFatigue.cpp">
      <Filter>Source Files\Functions\Actors</Filter>
    </ClCompile>
    <ClCompile Include="xGetMaxHealth.cpp">
      <Filter>Source Files\Functions\Actors</Filter>
    </ClCompile>
    <ClCompile Include="xGetMaxMagicka.cpp">
      <Filter>Source Files\Functions\Actors</Filter>
    </ClCompile>
    <ClCompile Include="xGetName.cpp">
      <Filter>Source Files\Functions\Objects</Filter>
    </ClCompile>
    <ClCompile Include="xGetOwner.cpp">
      <Filter>Source Files\Functions\Objects</Filter>
    </ClCompile>
    <ClCompile Include="xGetOwnerInfo.cpp">
      <Filter>Source Files\Functions\Objects</Filter>
    </ClCompile>
    <ClCompile Include="xGetProgressLevel.cpp">
      <Filter>Source Files\Functions\Actors</Filter>
    </ClCompile>
    <ClCompile Include="xGetProgressSkill.cpp">
      <Filter>Source Files\Functions\Actors</Filter>
    </ClCompile>
    <ClCompile Include="xGetQuality.cpp">
      <Filter>Source Files\Functions\Objects</Filter>
    </ClCompile>
    <ClCompile Include="xGetRace.cpp">
      <Filter>Source Files\Functions\Actors</Filter>
    </ClCompile>
    <ClCompile Include="xGetService.cpp">
      <Filter>Source Files\Functions\Actors</Filter>
    </ClCompile>
    <ClCompile Include="xGetSkill.cpp">
      <Filter>Source Files\Functions\Actors</Filter>
    </ClCompile>
    <ClCompile Include="xGetSkillInfo.cpp">
      <Filter>Source Files\Functions\Records</Filter>
    </ClCompile>
    <ClCompile Include="xGetSpell.cpp">
      <Filter>Source Files\Functions\Actors</Filter>
    </ClCompile>
    <ClCompile Include="xGetSpellInfo.cpp">
      <Filter>Source Files\Functions\Records</Filter>
    </ClCompile>
    <ClCompile Include="xGetTrap.cpp">
      <Filter>Source Files\Functions\Objects</Filter>
    </ClCompile>
    <ClCompile Include="xGetValue.cpp">
      <Filter>Source Files\Functions\Objects</Filter>
    </ClCompile>
    <ClCompile Include="xGetWeight.cpp">
      <Filter>Source Files\Functions\Objects</Filter>
    </ClCompile>
    <ClCompile Include="xIsFemale.cpp">
      <Filter>Source Files\Functions\Actors</Filter>
    </ClCompile>
    <ClCompile Include="xIsProvider.cpp">
      <Filter>Source Files\Functions\Actors</Filter>
    </ClCompile>
    <ClCompile Include="xIsTrader.cpp">
      <Filter>Source Files\Functions\Actors</Filter>
    </ClCompile>
    <ClCompile Include="xIsTrainer.cpp">
      <Filter>Source Files\Functions\Actors</Filter>
    </ClCompile>
    <ClCompile Include="xKeyPressed.cpp">
      <Filter>Source Files\Functions\Utility</Filter>
    </ClCompile>
    <ClCompile Include="xModAttribute.cpp">
      <Filter>Source Files\Functions\Actors</Filter>
    </ClCompile>
    <ClCompile Include="xModProgressLevel.cpp">
      <Filter>Source Files\Functions\Actors</Filter>
    </ClCompile>
    <ClCompile Include="xModProgressSkill.cpp">
      <Filter>Source Files\Functions\Actors</Filter>
    </ClCompile>
    <ClCompile Include="xModService.cpp">
      <Filter>Source Files\Functions\Actors</Filter>
    </ClCompile>
    <ClCompile Include="xPCCellID.cpp">
      <Filter>Source Files\Functions\Actors</Filter>
    </ClCompile>
    <ClCompile Include="xRefID.cpp">
      <Filter>Source Files\Functions\Objects</Filter>
    </ClCompile>
    <ClCompile Include="xSetBaseEffectInfo.cpp">
      <Filter>Source Files\Functions\Records</Filter>
    </ClCompile>
    <ClCompile Include="xSetCharge.cpp">
      <Filter>Source Files\Functions\Objects</Filter>
    </ClCompile>
    <ClCompile Include="xSetCondition.cpp">
      <Filter>Source Files\Functions\Objects</Filter>
    </ClCompile>
    <ClCompile Include="xSetEffectInfo.cpp">
      <Filter>Source Files\Functions\Records</Filter>
    </ClCompile>
    <ClCompile Include="xStringBuild.cpp">
      <Filter>Source Files\Functions\Strings</Filter>
    </ClCompile>
    <ClCompile Include="xStringCompare.cpp">
      <Filter>Source Files\Functions\Strings</Filter>
    </ClCompile>
    <ClCompile Include="xStringLength.cpp">
      <Filter>Source Files\Functions\Strings</Filter>
    </ClCompile>
    <ClCompile Include="xStringMatch.cpp">
      <Filter>Source Files\Functions\Strings</Filter>
    </ClCompile>
    <ClCompile Include="xStringParse.cpp">
      <Filter>Source Files\Functions\Strings</Filter>
    </ClCompile>
    <ClCompile Include="xSetEnchantInfo.cpp">
      <Filter>Source Files\Functions\Records</Filter>
    </ClCompile>
    <ClCompile Include="xSetGlobal.cpp">
      <Filter>Source Files\Functions\Utility</Filter>
    </ClCompile>
    <ClCompile Include="xSetGold.cpp">
      <Filter>Source Files\Functions\Actors</Filter>
    </ClCompile>
    <ClCompile Include="xSetGSString.cpp">
      <Filter>Source Files\Functions\Utility</Filter>
    </ClCompile>
    <ClCompile Include="xSetMaxCharge.cpp">
      <Filter>Source Files\Functions\Objects</Filter>
    </ClCompile>
    <ClCompile Include="xSetMaxCondition.cpp">
      <Filter>Source Files\Functions\Objects</Filter>
    </ClCompile>
    <ClCompile Include="xSetName.cpp">
      <Filter>Source Files\Functions\References</Filter>
    </ClCompile>
    <ClCompile Include="xSetProgressLevel.cpp">
      <Filter>Source Files\Functions\Actors</Filter>
    </ClCompile>
    <ClCompile Include="xSetProgressSkill.cpp">
      <Filter>Source Files\Functions\Actors</Filter>
    </ClCompile>
    <ClCompile Include="xSetQuality.cpp">
      <Filter>Source Files\Functions\Objects</Filter>
    </ClCompile>
    <ClCompile Include="xSetService.cpp">
      <Filter>Source Files\Functions\Actors</Filter>
    </ClCompile>
    <ClCompile Include="xSetSkillInfo.cpp">
      <Filter>Source Files\Functions\Records</Filter>
    </ClCompile>
    <ClCompile Include="xSetSpellInfo.cpp">
      <Filter>Source Files\Functions\Records</Filter>
    </ClCompile>
    <ClCompile Include="xSetTrap.cpp">
      <Filter>Source Files\Functions\Objects</Filter>
    </ClCompile>
    <ClCompile Include="xSetValue.cpp">
      <Filter>Source Files\Functions\Objects</Filter>
    </ClCompile>
    <ClCompile Include="xSetWeight.cpp">
      <Filter>Source Files\Functions\Objects</Filter>
    </ClCompile>
    <ClCompile Include="xGetGlobal.cpp">
      <Filter>Source Files\Functions\Utility</Filter>
    </ClCompile>
    <ClCompile Include="xAddEffect.cpp">
      <Filter>Source Files\Functions\Records</Filter>
    </ClCompile>
    <ClCompile Include="xContentList.cpp">
      <Filter>Source Files\Functions\References</Filter>
    </ClCompile>
    <ClCompile Include="xGetBaseEffectInfo.cpp">
      <Filter>Source Files\Functions\Records</Filter>
    </ClCompile>
    <ClCompile Include="xCreateSpell.cpp">
      <Filter>Source Files\Functions\Records</Filter>
    </ClCompile>
    <ClCompile Include="xDeleteEffect.cpp">
      <Filter>Source Files\Functions\Records</Filter>
    </ClCompile>
    <ClCompile Include="xDeleteSpell.cpp">
      <Filter>Source Files\Functions\Records</Filter>
    </ClCompile>
    <ClCompile Include="xGetGSString.cpp">
      <Filter>Source Files\Functions\Utility</Filter>
    </ClCompile>
    <ClCompile Include="xGetEncumb.cpp">
      <Filter>Source Files\Functions\References</Filter>
    </ClCompile>
    <ClCompile Include="xGetEncumbrance.cpp">
      <Filter>Source Files\Functions\References</Filter>
    </ClCompile>
    <ClCompile Include="xGetBaseFatigue.cpp">
      <Filter>Source Files\Functions\Records</Filter>
    </ClCompile>
    <ClCompile Include="xGetBaseHealth.cpp">
      <Filter>Source Files\Functions\Records</Filter>
    </ClCompile>
    <ClCompile Include="xGetBaseMagicka.cpp">
      <Filter>Source Files\Functions\Records</Filter>
    </ClCompile>
    <ClCompile Include="xAddItem.cpp">
      <Filter>Source Files\Functions\Objects</Filter>
    </ClCompile>
    <ClCompile Include="ScriptUtil.cpp">
      <Filter>Source Files\Utility</Filter>
    </ClCompile>
    <ClCompile Include="xAITravel.cpp">
      <Filter>Source Files\Functions\Actors</Filter>
    </ClCompile>
    <ClCompile Include="xAddSpell.cpp">
      <Filter>Source Files\Functions\Actors</Filter>
    </ClCompile>
    <ClCompile Include="xDrop.cpp">
      <Filter>Source Files\Functions\Objects</Filter>
    </ClCompile>
    <ClCompile Include="xEquip.cpp">
      <Filter>Source Files\Functions\Actors</Filter>
    </ClCompile>
    <ClCompile Include="xExplodeSpell.cpp">
      <Filter>Source Files\Functions\Actors</Filter>
    </ClCompile>
    <ClCompile Include="xHasItemEquipped.cpp">
      <Filter>Source Files\Functions\Actors</Filter>
    </ClCompile>
    <ClCompile Include="xGetSpellEffects.cpp">
      <Filter>Source Files\Functions\Actors</Filter>
    </ClCompile>
    <ClCompile Include="xMyCellID.cpp">
      <Filter>Source Files\Functions\Actors</Filter>
    </ClCompile>
    <ClCompile Include="xPlace.cpp">
      <Filter>Source Files\Functions\Objects</Filter>
    </ClCompile>
    <ClCompile Include="xPosition.cpp">
      <Filter>Source Files\Functions\Objects</Filter>
    </ClCompile>
    <ClCompile Include="xPositionCell.cpp">
      <Filter>Source Files\Functions\Objects</Filter>
    </ClCompile>
    <ClCompile Include="xRemoveItem.cpp">
      <Filter>Source Files\Functions\Objects</Filter>
    </ClCompile>
    <ClCompile Include="xRemoveSpell.cpp">
      <Filter>Source Files\Functions\Actors</Filter>
    </ClCompile>
    <ClCompile Include="xSetLevel.cpp">
      <Filter>Source Files\Functions\Actors</Filter>
    </ClCompile>
    <ClCompile Include="xStartCombat.cpp">
      <Filter>Source Files\Functions\Actors</Filter>
    </ClCompile>
    <ClCompile Include="xSpellList.cpp">
      <Filter>Source Files\Functions\Actors</Filter>
    </ClCompile>
    <ClCompile Include="xTextInput.cpp">
      <Filter>Source Files\Functions\Utility</Filter>
    </ClCompile>
    <ClCompile Include="xMessageFix.cpp">
      <Filter>Source Files\Functions\Utility</Filter>
    </ClCompile>
    <ClCompile Include="xTextInputAlt.cpp">
      <Filter>Source Files\Functions\Utility</Filter>
    </ClCompile>
    <ClCompile Include="xInventory.cpp">
      <Filter>Source Files\Functions\References</Filter>
    </ClCompile>
    <ClCompile Include="xNextStack.cpp">
      <Filter>Source Files\Functions\References</Filter>
    </ClCompile>
    <ClCompile Include="MgeTes3Machine.cpp">
      <Filter>Source Files\MGE Interface</Filter>
    </ClCompile>
    <ClCompile Include="MgeVirtualMachine.cpp">
      <Filter>Source Files\MGE Interface</Filter>
    </ClCompile>
    <ClCompile Include="xCast.cpp">
      <Filter>Source Files\Functions\Actors</Filter>
    </ClCompile>
    <ClCompile Include="xGetModel.cpp">
      <Filter>Source Files\Functions\References</Filter>
    </ClCompile>
    <ClCompile Include="xGetMCPFeatureState.cpp">
      <Filter>Source Files\Functions\Utility</Filter>
    </ClCompile>
    <ClCompile Include="CodePatchUtil.cpp">
      <Filter>Source Files\Utility</Filter>
    </ClCompile>
    <ClCompile Include="xStartScript.cpp">
      <Filter>Source Files\Functions\Scripting</Filter>
    </ClCompile>
    <ClCompile Include="xStopScript.cpp">
      <Filter>Source Files\Functions\Scripting</Filter>
    </ClCompile>
    <ClCompile Include="xScriptRunning.cpp">
      <Filter>Source Files\Functions\Scripting</Filter>
    </ClCompile>
    <ClCompile Include="xGetStackSize.cpp">
      <Filter>Source Files\Functions\References</Filter>
    </ClCompile>
    <ClCompile Include="xGetItemCount.cpp">
      <Filter>Source Files\Functions\References</Filter>
    </ClCompile>
    <ClCompile Include="xContentListFiltered.cpp">
      <Filter>Source Files\Functions\References</Filter>
    </ClCompile>
    <ClCompile Include="xStringCapture.cpp">
      <Filter>Source Files\Functions\Strings</Filter>
    </ClCompile>
    <ClCompile Include="xGetIngredientEffect.cpp">
      <Filter>Source Files\Functions\Records</Filter>
    </ClCompile>
    <ClCompile Include="xSetIngredientEffect.cpp">
      <Filter>Source Files\Functions\Records</Filter>
    </ClCompile>
    <ClCompile Include="xEquipmentList.cpp">
      <Filter>Source Files\Functions\Actors</Filter>
    </ClCompile>
    <ClCompile Include="xArcTan2.cpp">
      <Filter>Source Files\Functions\Math</Filter>
    </ClCompile>
    <ClCompile Include="xGetAlchemyInfo.cpp">
      <Filter>Source Files\Functions\Records</Filter>
    </ClCompile>
    <ClCompile Include="xGetKeyBind.cpp">
      <Filter>Source Files\Functions\Utility</Filter>
    </ClCompile>
    <ClCompile Include="xActivate.cpp">
      <Filter>Source Files\Functions\Actors</Filter>
    </ClCompile>
    <ClCompile Include="xMyRef.cpp">
      <Filter>Source Files\Functions\Actors</Filter>
    </ClCompile>
    <ClCompile Include="LuaManager.cpp">
      <Filter>Source Files\Lua</Filter>
    </ClCompile>
    <ClCompile Include="TES3VectorsLua.cpp">
      <Filter>Source Files\Lua\Bindings\TES3</Filter>
    </ClCompile>
    <ClCompile Include="TES3ReferenceLua.cpp">
      <Filter>Source Files\Lua\Bindings\TES3</Filter>
    </ClCompile>
    <ClCompile Include="LuaUtil.cpp">
      <Filter>Source Files\Lua</Filter>
    </ClCompile>
    <ClCompile Include="MemoryUtil.cpp">
      <Filter>Source Files\Utility</Filter>
    </ClCompile>
    <ClCompile Include="TES3ApparatusLua.cpp">
      <Filter>Source Files\Lua\Bindings\TES3</Filter>
    </ClCompile>
    <ClCompile Include="TES3Object.cpp">
      <Filter>Source Files\DataAdapters\TES3</Filter>
    </ClCompile>
    <ClCompile Include="TES3StatisticLua.cpp">
      <Filter>Source Files\Lua\Bindings\TES3</Filter>
    </ClCompile>
    <ClCompile Include="TES3Statistic.cpp">
      <Filter>Source Files\DataAdapters\TES3</Filter>
    </ClCompile>
    <ClCompile Include="TES3MobileNPCLua.cpp">
      <Filter>Source Files\Lua\Bindings\TES3</Filter>
    </ClCompile>
    <ClCompile Include="TES3ActivatorLua.cpp">
      <Filter>Source Files\Lua\Bindings\TES3</Filter>
    </ClCompile>
    <ClCompile Include="TES3AlchemyLua.cpp">
      <Filter>Source Files\Lua\Bindings\TES3</Filter>
    </ClCompile>
    <ClCompile Include="TES3MagicEffectLua.cpp">
      <Filter>Source Files\Lua\Bindings\TES3</Filter>
    </ClCompile>
    <ClCompile Include="TES3ArmorLua.cpp">
      <Filter>Source Files\Lua\Bindings\TES3</Filter>
    </ClCompile>
    <ClCompile Include="TES3Armor.cpp">
      <Filter>Source Files\DataAdapters\TES3</Filter>
    </ClCompile>
    <ClCompile Include="TES3BookLua.cpp">
      <Filter>Source Files\Lua\Bindings\TES3</Filter>
    </ClCompile>
    <ClCompile Include="TES3Book.cpp">
      <Filter>Source Files\DataAdapters\TES3</Filter>
    </ClCompile>
    <ClCompile Include="TES3Class.cpp">
      <Filter>Source Files\DataAdapters\TES3</Filter>
    </ClCompile>
    <ClCompile Include="TES3ClassLua.cpp">
      <Filter>Source Files\Lua\Bindings\TES3</Filter>
    </ClCompile>
    <ClCompile Include="TES3ClothingLua.cpp">
      <Filter>Source Files\Lua\Bindings\TES3</Filter>
    </ClCompile>
    <ClCompile Include="TES3CreatureLua.cpp">
      <Filter>Source Files\Lua\Bindings\TES3</Filter>
    </ClCompile>
    <ClCompile Include="TES3Actor.cpp">
      <Filter>Source Files\DataAdapters\TES3</Filter>
    </ClCompile>
    <ClCompile Include="TES3InventoryLua.cpp">
      <Filter>Source Files\Lua\Bindings\TES3</Filter>
    </ClCompile>
    <ClCompile Include="TES3Container.cpp">
      <Filter>Source Files\DataAdapters\TES3</Filter>
    </ClCompile>
    <ClCompile Include="TES3ContainerLua.cpp">
      <Filter>Source Files\Lua\Bindings\TES3</Filter>
    </ClCompile>
    <ClCompile Include="TES3IngredientLua.cpp">
      <Filter>Source Files\Lua\Bindings\TES3</Filter>
    </ClCompile>
    <ClCompile Include="TES3LightLua.cpp">
      <Filter>Source Files\Lua\Bindings\TES3</Filter>
    </ClCompile>
    <ClCompile Include="TES3Light.cpp">
      <Filter>Source Files\DataAdapters\TES3</Filter>
    </ClCompile>
    <ClCompile Include="TES3LockpickLua.cpp">
      <Filter>Source Files\Lua\Bindings\TES3</Filter>
    </ClCompile>
    <ClCompile Include="TES3ProbeLua.cpp">
      <Filter>Source Files\Lua\Bindings\TES3</Filter>
    </ClCompile>
    <ClCompile Include="TES3RepairToolLua.cpp">
      <Filter>Source Files\Lua\Bindings\TES3</Filter>
    </ClCompile>
    <ClCompile Include="TES3WeaponLua.cpp">
      <Filter>Source Files\Lua\Bindings\TES3</Filter>
    </ClCompile>
    <ClCompile Include="TES3MiscLua.cpp">
      <Filter>Source Files\Lua\Bindings\TES3</Filter>
    </ClCompile>
    <ClCompile Include="TES3NPCLua.cpp">
      <Filter>Source Files\Lua\Bindings\TES3</Filter>
    </ClCompile>
    <ClCompile Include="TES3NPC.cpp">
      <Filter>Source Files\DataAdapters\TES3</Filter>
    </ClCompile>
    <ClCompile Include="TES3EnchantmentLua.cpp">
      <Filter>Source Files\Lua\Bindings\TES3</Filter>
    </ClCompile>
    <ClCompile Include="TES3FactionLua.cpp">
      <Filter>Source Files\Lua\Bindings\TES3</Filter>
    </ClCompile>
    <ClCompile Include="TES3DoorLua.cpp">
      <Filter>Source Files\Lua\Bindings\TES3</Filter>
    </ClCompile>
    <ClCompile Include="TES3MobileCreatureLua.cpp">
      <Filter>Source Files\Lua\Bindings\TES3</Filter>
    </ClCompile>
    <ClCompile Include="TES3MobilePlayerLua.cpp">
      <Filter>Source Files\Lua\Bindings\TES3</Filter>
    </ClCompile>
    <ClCompile Include="TES3ActionDataLua.cpp">
      <Filter>Source Files\Lua\Bindings\TES3</Filter>
    </ClCompile>
    <ClCompile Include="TES3CellLua.cpp">
      <Filter>Source Files\Lua\Bindings\TES3</Filter>
    </ClCompile>
    <ClCompile Include="TES3Cell.cpp">
      <Filter>Source Files\DataAdapters\TES3</Filter>
    </ClCompile>
    <ClCompile Include="TES3RegionLua.cpp">
      <Filter>Source Files\Lua\Bindings\TES3</Filter>
    </ClCompile>
    <ClCompile Include="TES3GameLua.cpp">
      <Filter>Source Files\Lua\Bindings\TES3</Filter>
    </ClCompile>
    <ClCompile Include="TES3WeatherLua.cpp">
      <Filter>Source Files\Lua\Bindings\TES3</Filter>
    </ClCompile>
    <ClCompile Include="TES3WeatherControllerLua.cpp">
      <Filter>Source Files\Lua\Bindings\TES3</Filter>
    </ClCompile>
    <ClCompile Include="TES3WorldControllerLua.cpp">
      <Filter>Source Files\Lua\Bindings\TES3</Filter>
    </ClCompile>
    <ClCompile Include="TES3MoonLua.cpp">
      <Filter>Source Files\Lua\Bindings\TES3</Filter>
    </ClCompile>
    <ClCompile Include="TES3SpellLua.cpp">
      <Filter>Source Files\Lua\Bindings\TES3</Filter>
    </ClCompile>
    <ClCompile Include="TES3RaceLua.cpp">
      <Filter>Source Files\Lua\Bindings\TES3</Filter>
    </ClCompile>
    <ClCompile Include="TES3DataHandlerLua.cpp">
      <Filter>Source Files\Lua\Bindings\TES3</Filter>
    </ClCompile>
    <ClCompile Include="TES3SkillLua.cpp">
      <Filter>Source Files\Lua\Bindings\TES3</Filter>
    </ClCompile>
    <ClCompile Include="TES3Reference.cpp">
      <Filter>Source Files\DataAdapters\TES3</Filter>
    </ClCompile>
    <ClCompile Include="TES3Region.cpp">
      <Filter>Source Files\DataAdapters\TES3</Filter>
    </ClCompile>
    <ClCompile Include="TES3DataHandler.cpp">
      <Filter>Source Files\DataAdapters\TES3</Filter>
    </ClCompile>
    <ClCompile Include="TES3MobileActor.cpp">
      <Filter>Source Files\DataAdapters\TES3</Filter>
    </ClCompile>
    <ClCompile Include="xLuaRunScript.cpp">
      <Filter>Source Files\Functions\Lua</Filter>
    </ClCompile>
    <ClCompile Include="StackLua.cpp">
      <Filter>Source Files\Lua\Bindings</Filter>
    </ClCompile>
    <ClCompile Include="ScriptUtilLua.cpp">
      <Filter>Source Files\Lua\Bindings</Filter>
    </ClCompile>
    <ClCompile Include="TES3Script.cpp">
      <Filter>Source Files\DataAdapters\TES3</Filter>
    </ClCompile>
    <ClCompile Include="TES3ScriptLua.cpp">
      <Filter>Source Files\Lua\Bindings\TES3</Filter>
    </ClCompile>
    <ClCompile Include="TES3CollectionsLua.cpp">
      <Filter>Source Files\Lua\Bindings\TES3</Filter>
    </ClCompile>
    <ClCompile Include="TES3MobilePlayer.cpp">
      <Filter>Source Files\DataAdapters\TES3</Filter>
    </ClCompile>
    <ClCompile Include="TES3WorldController.cpp">
      <Filter>Source Files\DataAdapters\TES3</Filter>
    </ClCompile>
    <ClCompile Include="TES3ReferenceListLua.cpp">
      <Filter>Source Files\Lua\Bindings\TES3</Filter>
    </ClCompile>
    <ClCompile Include="TES3StaticLua.cpp">
      <Filter>Source Files\Lua\Bindings\TES3</Filter>
    </ClCompile>
    <ClCompile Include="UIUtil.cpp">
      <Filter>Source Files\Utility</Filter>
    </ClCompile>
    <ClCompile Include="TES3GameSettingLua.cpp">
      <Filter>Source Files\Lua\Bindings\TES3</Filter>
    </ClCompile>
    <ClCompile Include="StringUtilLua.cpp">
      <Filter>Source Files\Lua\Bindings</Filter>
    </ClCompile>
    <ClCompile Include="TES3UtilLua.cpp">
      <Filter>Source Files\Lua\Bindings</Filter>
    </ClCompile>
    <ClCompile Include="TES3InputController.cpp">
      <Filter>Source Files\DataAdapters\TES3</Filter>
    </ClCompile>
    <ClCompile Include="PatchUtil.cpp">
      <Filter>Source Files\Utility</Filter>
    </ClCompile>
    <ClCompile Include="LuaEvents.cpp">
      <Filter>Source Files\Lua</Filter>
    </ClCompile>
    <ClCompile Include="TES3MobileProjectileLua.cpp">
      <Filter>Source Files\Lua\Bindings\TES3</Filter>
    </ClCompile>
    <ClCompile Include="TES3Inventory.cpp">
      <Filter>Source Files\DataAdapters\TES3</Filter>
    </ClCompile>
    <ClCompile Include="TES3SoundLua.cpp">
      <Filter>Source Files\Lua\Bindings\TES3</Filter>
    </ClCompile>
    <ClCompile Include="TES3Sound.cpp">
      <Filter>Source Files\DataAdapters\TES3</Filter>
    </ClCompile>
    <ClCompile Include="TES3MobileObject.cpp">
      <Filter>Source Files\DataAdapters\TES3</Filter>
    </ClCompile>
    <ClCompile Include="TES3MobileProjectile.cpp">
      <Filter>Source Files\DataAdapters\TES3</Filter>
    </ClCompile>
    <ClCompile Include="NIUtil.cpp">
      <Filter>Source Files\Utility</Filter>
    </ClCompile>
    <ClCompile Include="NIObject.cpp">
      <Filter>Source Files\DataAdapters\NI</Filter>
    </ClCompile>
    <ClCompile Include="NIAVObject.cpp">
      <Filter>Source Files\DataAdapters\NI</Filter>
    </ClCompile>
    <ClCompile Include="NIObjectLua.cpp">
      <Filter>Source Files\Lua\Bindings\NI</Filter>
    </ClCompile>
    <ClCompile Include="NISwitchNodeLua.cpp">
      <Filter>Source Files\Lua\Bindings\NI</Filter>
    </ClCompile>
    <ClCompile Include="NINodeLua.cpp">
      <Filter>Source Files\Lua\Bindings\NI</Filter>
    </ClCompile>
    <ClCompile Include="NICameraLua.cpp">
      <Filter>Source Files\Lua\Bindings\NI</Filter>
    </ClCompile>
    <ClCompile Include="NIPick.cpp">
      <Filter>Source Files\DataAdapters\NI</Filter>
    </ClCompile>
    <ClCompile Include="NIPickLua.cpp">
      <Filter>Source Files\Lua\Bindings\NI</Filter>
    </ClCompile>
    <ClCompile Include="TES3Vectors.cpp">
      <Filter>Source Files\DataAdapters\TES3</Filter>
    </ClCompile>
    <ClCompile Include="TES3Spell.cpp">
      <Filter>Source Files\DataAdapters\TES3</Filter>
    </ClCompile>
    <ClCompile Include="TES3MagicSourceInstanceLua.cpp">
      <Filter>Source Files\Lua\Bindings\TES3</Filter>
    </ClCompile>
    <ClCompile Include="TES3MagicSourceInstance.cpp">
      <Filter>Source Files\DataAdapters\TES3</Filter>
    </ClCompile>
    <ClCompile Include="TES3MagicEffectInstanceLua.cpp">
      <Filter>Source Files\Lua\Bindings\TES3</Filter>
    </ClCompile>
    <ClCompile Include="TES3LeveledList.cpp">
      <Filter>Source Files\DataAdapters\TES3</Filter>
    </ClCompile>
    <ClCompile Include="TES3LeveledListLua.cpp">
      <Filter>Source Files\Lua\Bindings\TES3</Filter>
    </ClCompile>
    <ClCompile Include="TES3SpellListLua.cpp">
      <Filter>Source Files\Lua\Bindings\TES3</Filter>
    </ClCompile>
    <ClCompile Include="TES3SpellList.cpp">
      <Filter>Source Files\DataAdapters\TES3</Filter>
    </ClCompile>
    <ClCompile Include="TES3GlobalVariableLua.cpp">
      <Filter>Source Files\Lua\Bindings\TES3</Filter>
    </ClCompile>
    <ClCompile Include="TES3InputControllerLua.cpp">
      <Filter>Source Files\Lua\Bindings\TES3</Filter>
    </ClCompile>
    <ClCompile Include="TES3Faction.cpp">
      <Filter>Source Files\DataAdapters\TES3</Filter>
    </ClCompile>
    <ClCompile Include="TES3GameSetting.cpp">
      <Filter>Source Files\DataAdapters\TES3</Filter>
    </ClCompile>
    <ClCompile Include="LuaTimer.cpp">
      <Filter>Source Files\Lua</Filter>
    </ClCompile>
    <ClCompile Include="TES3MobileNPC.cpp">
      <Filter>Source Files\DataAdapters\TES3</Filter>
    </ClCompile>
    <ClCompile Include="TES3MobileCreature.cpp">
      <Filter>Source Files\DataAdapters\TES3</Filter>
    </ClCompile>
    <ClCompile Include="TES3ActorAnimationData.cpp">
      <Filter>Source Files\DataAdapters\TES3</Filter>
    </ClCompile>
    <ClCompile Include="TES3Weapon.cpp">
      <Filter>Source Files\DataAdapters\TES3</Filter>
    </ClCompile>
    <ClCompile Include="TES3DialogueLua.cpp">
      <Filter>Source Files\Lua\Bindings\TES3</Filter>
    </ClCompile>
    <ClCompile Include="TES3Dialogue.cpp">
      <Filter>Source Files\DataAdapters\TES3</Filter>
    </ClCompile>
    <ClCompile Include="TES3UIManager.cpp">
      <Filter>Source Files\DataAdapters\TES3\UI</Filter>
    </ClCompile>
    <ClCompile Include="TES3UIManagerLua.cpp">
      <Filter>Source Files\Lua\Bindings\TES3\UI</Filter>
    </ClCompile>
    <ClCompile Include="TES3UIMenuController.cpp">
      <Filter>Source Files\DataAdapters\TES3\UI</Filter>
    </ClCompile>
    <ClCompile Include="TES3UIElement.cpp">
      <Filter>Source Files\DataAdapters\TES3\UI</Filter>
    </ClCompile>
    <ClCompile Include="TES3UIElementLua.cpp">
      <Filter>Source Files\Lua\Bindings\TES3\UI</Filter>
    </ClCompile>
    <ClCompile Include="TES3UIWidgetsLua.cpp">
      <Filter>Source Files\Lua\Bindings\TES3\UI</Filter>
    </ClCompile>
    <ClCompile Include="TES3UIWidgets.cpp">
      <Filter>Source Files\DataAdapters\TES3\UI</Filter>
    </ClCompile>
    <ClCompile Include="TES3AttachmentLua.cpp">
      <Filter>Source Files\Lua\Bindings\TES3</Filter>
    </ClCompile>
    <ClCompile Include="NINode.cpp">
      <Filter>Source Files\DataAdapters\NI</Filter>
    </ClCompile>
    <ClCompile Include="TES3MobController.cpp">
      <Filter>Source Files\DataAdapters\TES3</Filter>
    </ClCompile>
    <ClCompile Include="TES3CrimeEvent.cpp">
      <Filter>Source Files\DataAdapters\TES3</Filter>
    </ClCompile>
    <ClCompile Include="TES3StdString.cpp">
      <Filter>Source Files\DataAdapters\TES3</Filter>
    </ClCompile>
    <ClCompile Include="TES3WeatherController.cpp">
      <Filter>Source Files\DataAdapters\TES3</Filter>
    </ClCompile>
    <ClCompile Include="NIStream.cpp">
      <Filter>Source Files\DataAdapters\NI</Filter>
    </ClCompile>
    <ClCompile Include="TES3AudioController.cpp">
      <Filter>Source Files\DataAdapters\TES3</Filter>
    </ClCompile>
    <ClCompile Include="TES3Game.cpp">
      <Filter>Source Files\DataAdapters\TES3</Filter>
    </ClCompile>
    <ClCompile Include="TES3GameFileLua.cpp">
      <Filter>Source Files\Lua\Bindings\TES3</Filter>
    </ClCompile>
    <ClCompile Include="NIObjectNET.cpp">
      <Filter>Source Files\DataAdapters\NI</Filter>
    </ClCompile>
  </ItemGroup>
  <ItemGroup>
    <ResourceCompile Include="MWSE.rc">
      <Filter>Resource Files</Filter>
    </ResourceCompile>
  </ItemGroup>
</Project>