<?xml version="1.0" encoding="utf-8"?>
<Project ToolsVersion="4.0" xmlns="http://schemas.microsoft.com/developer/msbuild/2003">
  <ItemGroup>
    <Filter Include="Source Files">
      <UniqueIdentifier>{4FC737F1-C7A5-4376-A066-2A32D752A2FF}</UniqueIdentifier>
      <Extensions>cpp;c;cc;cxx;c++;cppm;ixx;def;odl;idl;hpj;bat;asm;asmx</Extensions>
    </Filter>
    <Filter Include="Header Files">
      <UniqueIdentifier>{93995380-89BD-4b04-88EB-625FBE52EBFB}</UniqueIdentifier>
      <Extensions>h;hh;hpp;hxx;h++;hm;inl;inc;ipp;xsd</Extensions>
    </Filter>
    <Filter Include="Resource Files">
      <UniqueIdentifier>{67DA6AB6-F800-4c08-8B7A-83BB121AAD01}</UniqueIdentifier>
      <Extensions>rc;ico;cur;bmp;dlg;rc2;rct;bin;rgs;gif;jpg;jpeg;jpe;resx;tiff;tif;png;wav;mfcribbon-ms</Extensions>
    </Filter>
    <Filter Include="Header Files\Extenders">
      <UniqueIdentifier>{7e124ac6-7f25-474a-ba56-fcaf44439ada}</UniqueIdentifier>
    </Filter>
    <Filter Include="Header Files\Extenders\Dialog">
      <UniqueIdentifier>{3f188b73-08d2-41c8-b8eb-ce4d275520c6}</UniqueIdentifier>
    </Filter>
    <Filter Include="Source Files\Extenders">
      <UniqueIdentifier>{c3107347-89e3-459b-8d01-ab3d671d747a}</UniqueIdentifier>
    </Filter>
    <Filter Include="Source Files\Extenders\Dialog">
      <UniqueIdentifier>{005593a0-f7ef-47c2-be0d-1b5af6f39a66}</UniqueIdentifier>
    </Filter>
    <Filter Include="Header Files\CS">
      <UniqueIdentifier>{8ac1bb95-78a6-4416-a960-195bd71970bc}</UniqueIdentifier>
    </Filter>
    <Filter Include="Source Files\CS">
      <UniqueIdentifier>{a3c311dc-8df9-4ea2-b9cd-44866c827ffa}</UniqueIdentifier>
    </Filter>
    <Filter Include="Header Files\NI">
      <UniqueIdentifier>{496e3544-4bf7-4e56-805c-1a0a9be077ee}</UniqueIdentifier>
    </Filter>
    <Filter Include="Header Files\Util">
      <UniqueIdentifier>{091f2149-c7ea-4a8b-9b9d-67f366f92981}</UniqueIdentifier>
    </Filter>
    <Filter Include="Source Files\Util">
      <UniqueIdentifier>{07b8f8d7-cba4-44ce-9258-c20e53857d15}</UniqueIdentifier>
    </Filter>
  </ItemGroup>
  <ItemGroup>
    <ClInclude Include="framework.h">
      <Filter>Header Files</Filter>
    </ClInclude>
    <ClInclude Include="pch.h">
      <Filter>Header Files</Filter>
    </ClInclude>
    <ClInclude Include="DialogObjectWindow.h">
      <Filter>Header Files\Extenders\Dialog</Filter>
    </ClInclude>
    <ClInclude Include="CSBaseObject.h">
      <Filter>Header Files\CS</Filter>
    </ClInclude>
    <ClInclude Include="CSDefines.h">
      <Filter>Header Files\CS</Filter>
    </ClInclude>
    <ClInclude Include="NIRTTIDefines.h">
      <Filter>Header Files\NI</Filter>
    </ClInclude>
    <ClInclude Include="NIConfig.h">
      <Filter>Header Files\NI</Filter>
    </ClInclude>
    <ClInclude Include="CSDialogue.h">
      <Filter>Header Files\CS</Filter>
    </ClInclude>
    <ClInclude Include="CSDialogueInfo.h">
      <Filter>Header Files\CS</Filter>
    </ClInclude>
    <ClInclude Include="CSGameFile.h">
      <Filter>Header Files\CS</Filter>
    </ClInclude>
    <ClInclude Include="CSGameSetting.h">
      <Filter>Header Files\CS</Filter>
    </ClInclude>
    <ClInclude Include="CSLandTexture.h">
      <Filter>Header Files\CS</Filter>
    </ClInclude>
    <ClInclude Include="CSObject.h">
      <Filter>Header Files\CS</Filter>
    </ClInclude>
    <ClInclude Include="CSPhysicalObject.h">
      <Filter>Header Files\CS</Filter>
    </ClInclude>
    <ClInclude Include="CSRecordHandler.h">
      <Filter>Header Files\CS</Filter>
    </ClInclude>
    <ClInclude Include="CSReference.h">
      <Filter>Header Files\CS</Filter>
    </ClInclude>
    <ClInclude Include="CSStatic.h">
      <Filter>Header Files\CS</Filter>
    </ClInclude>
    <ClInclude Include="DialogDialogueWindow.h">
      <Filter>Header Files\Extenders\Dialog</Filter>
    </ClInclude>
    <ClInclude Include="DialogRenderWindow.h">
      <Filter>Header Files\Extenders\Dialog</Filter>
    </ClInclude>
    <ClInclude Include="LogUtil.h">
      <Filter>Header Files\Util</Filter>
    </ClInclude>
    <ClInclude Include="DialogCellWindow.h">
      <Filter>Header Files\Extenders\Dialog</Filter>
    </ClInclude>
    <ClInclude Include="WindowMain.h">
      <Filter>Header Files\Extenders</Filter>
    </ClInclude>
    <ClInclude Include="CSLight.h">
      <Filter>Header Files\CS</Filter>
    </ClInclude>
    <ClInclude Include="CSAnimatedObject.h">
      <Filter>Header Files\CS</Filter>
    </ClInclude>
    <ClInclude Include="CSDataHandler.h">
      <Filter>Header Files\CS</Filter>
    </ClInclude>
    <ClInclude Include="CSModelLoader.h">
      <Filter>Header Files\CS</Filter>
    </ClInclude>
    <ClInclude Include="DialogSearchAndReplaceWindow.h">
      <Filter>Header Files\Extenders\Dialog</Filter>
    </ClInclude>
  </ItemGroup>
  <ItemGroup>
    <ClCompile Include="pch.cpp">
      <Filter>Source Files</Filter>
    </ClCompile>
    <ClCompile Include="DialogObjectWindow.cpp">
      <Filter>Source Files\Extenders\Dialog</Filter>
    </ClCompile>
    <ClCompile Include="CSBaseObject.cpp">
      <Filter>Source Files\CS</Filter>
    </ClCompile>
    <ClCompile Include="DialogDialogueWindow.cpp">
      <Filter>Source Files\Extenders\Dialog</Filter>
    </ClCompile>
    <ClCompile Include="DialogRenderWindow.cpp">
      <Filter>Source Files\Extenders\Dialog</Filter>
    </ClCompile>
    <ClCompile Include="LogUtil.cpp">
      <Filter>Source Files\Util</Filter>
    </ClCompile>
    <ClCompile Include="CSPhysicalObject.cpp">
      <Filter>Source Files\CS</Filter>
    </ClCompile>
    <ClCompile Include="CSReference.cpp">
      <Filter>Source Files\CS</Filter>
    </ClCompile>
    <ClCompile Include="CSLight.cpp">
      <Filter>Source Files\CS</Filter>
    </ClCompile>
    <ClCompile Include="CSDataHandler.cpp">
      <Filter>Source Files\CS</Filter>
    </ClCompile>
    <ClCompile Include="CSSE.cpp">
      <Filter>Source Files</Filter>
    </ClCompile>
    <ClCompile Include="DialogCellWindow.cpp">
      <Filter>Source Files\Extenders\Dialog</Filter>
    </ClCompile>
    <ClCompile Include="WindowMain.cpp">
      <Filter>Source Files\Extenders</Filter>
    </ClCompile>
    <ClCompile Include="CSModelLoader.cpp">
      <Filter>Source Files\CS</Filter>
    </ClCompile>
    <ClCompile Include="DialogSearchAndReplaceWindow.cpp">
      <Filter>Source Files\Extenders\Dialog</Filter>
    </ClCompile>
  </ItemGroup>
  <ItemGroup>
    <None Include="CSSE.h">
      <Filter>Header Files</Filter>
    </None>
  </ItemGroup>
</Project>