<?xml version="1.0" encoding="utf-8"?>
<Project ToolsVersion="4.0" xmlns="http://schemas.microsoft.com/developer/msbuild/2003">
  <ItemGroup>
    <Filter Include="Source Files">
      <UniqueIdentifier>{4FC737F1-C7A5-4376-A066-2A32D752A2FF}</UniqueIdentifier>
      <Extensions>cpp;c;cc;cxx;def;odl;idl;hpj;bat;asm;asmx</Extensions>
    </Filter>
    <Filter Include="Header Files">
      <UniqueIdentifier>{93995380-89BD-4b04-88EB-625FBE52EBFB}</UniqueIdentifier>
      <Extensions>h;hh;hpp;hxx;hm;inl;inc;xsd</Extensions>
    </Filter>
    <Filter Include="Resource Files">
      <UniqueIdentifier>{67DA6AB6-F800-4c08-8B7A-83BB121AAD01}</UniqueIdentifier>
      <Extensions>rc;ico;cur;bmp;dlg;rc2;rct;bin;rgs;gif;jpg;jpeg;jpe;resx;tiff;tif;png;wav;mfcribbon-ms</Extensions>
    </Filter>
  </ItemGroup>
  <ItemGroup>
    <ClInclude Include="source\WinHeader.h">
      <Filter>Header Files</Filter>
    </ClInclude>
    <ClInclude Include="source\ADDRESSSPACE.h">
      <Filter>Header Files</Filter>
    </ClInclude>
    <ClInclude Include="source\ArrayFunctions.h">
      <Filter>Header Files</Filter>
    </ClInclude>
    <ClInclude Include="source\Breakpoint.h">
      <Filter>Header Files</Filter>
    </ClInclude>
    <ClInclude Include="source\BUFSPACE.h">
      <Filter>Header Files</Filter>
    </ClInclude>
    <ClInclude Include="source\cInstCall.h">
      <Filter>Header Files</Filter>
    </ClInclude>
    <ClInclude Include="source\cInstCallShort.h">
      <Filter>Header Files</Filter>
    </ClInclude>
    <ClInclude Include="source\cInstCopyFromStack.h">
      <Filter>Header Files</Filter>
    </ClInclude>
    <ClInclude Include="source\cInstCopyReg.h">
      <Filter>Header Files</Filter>
    </ClInclude>
    <ClInclude Include="source\cInstCopyToStack.h">
      <Filter>Header Files</Filter>
    </ClInclude>
    <ClInclude Include="source\cInstReturn.h">
      <Filter>Header Files</Filter>
    </ClInclude>
    <ClInclude Include="source\cInstReturnP.h">
      <Filter>Header Files</Filter>
    </ClInclude>
    <ClInclude Include="source\cInstReturnVP.h">
      <Filter>Header Files</Filter>
    </ClInclude>
    <ClInclude Include="source\cLog.h">
      <Filter>Header Files</Filter>
    </ClInclude>
    <ClInclude Include="source\cMailClient.h">
      <Filter>Header Files</Filter>
    </ClInclude>
    <ClInclude Include="source\cMWSEMain.h">
      <Filter>Header Files</Filter>
    </ClInclude>
    <ClInclude Include="source\DEBUGGING.h">
      <Filter>Header Files</Filter>
    </ClInclude>
    <ClInclude Include="source\FILECACHE.h">
      <Filter>Header Files</Filter>
    </ClInclude>
    <ClInclude Include="source\FUNCAI.h">
      <Filter>Header Files</Filter>
    </ClInclude>
    <ClInclude Include="source\FUNCEXTENDER.h">
      <Filter>Header Files</Filter>
    </ClInclude>
    <ClInclude Include="source\FUNCFILE.h">
      <Filter>Header Files</Filter>
    </ClInclude>
    <ClInclude Include="source\FUNCGMST.h">
      <Filter>Header Files</Filter>
    </ClInclude>
    <ClInclude Include="source\FUNCINVENTORY.h">
      <Filter>Header Files</Filter>
    </ClInclude>
    <ClInclude Include="source\FUNCLOG.h">
      <Filter>Header Files</Filter>
    </ClInclude>
    <ClInclude Include="source\FUNCPOSITION.h">
      <Filter>Header Files</Filter>
    </ClInclude>
    <ClInclude Include="source\FUNCPROPERTIES.h">
      <Filter>Header Files</Filter>
    </ClInclude>
    <ClInclude Include="source\FUNCREFERENCE.h">
      <Filter>Header Files</Filter>
    </ClInclude>
    <ClInclude Include="source\FUNCTEXT.h">
      <Filter>Header Files</Filter>
    </ClInclude>
    <ClInclude Include="source\FUNCTION.h">
      <Filter>Header Files</Filter>
    </ClInclude>
    <ClInclude Include="source\FUNCVARIABLES.h">
      <Filter>Header Files</Filter>
    </ClInclude>
    <ClInclude Include="source\GetAttributeFunction.h">
      <Filter>Header Files</Filter>
    </ClInclude>
    <ClInclude Include="source\GetBaseAttributeFunction.h">
      <Filter>Header Files</Filter>
    </ClInclude>
    <ClInclude Include="source\GetEncumbranceFunction.h">
      <Filter>Header Files</Filter>
    </ClInclude>
    <ClInclude Include="source\GetGsStringFunction.h">
      <Filter>Header Files</Filter>
    </ClInclude>
    <ClInclude Include="source\GetMaxFatigueFunction.h">
      <Filter>Header Files</Filter>
    </ClInclude>
    <ClInclude Include="source\GetMaxHealthFunction.h">
      <Filter>Header Files</Filter>
    </ClInclude>
    <ClInclude Include="source\GetMaxMagickaFunction.h">
      <Filter>Header Files</Filter>
    </ClInclude>
    <ClInclude Include="source\GetRaceFunction.h">
      <Filter>Header Files</Filter>
    </ClInclude>
    <ClInclude Include="source\GetSkillFunction.h">
      <Filter>Header Files</Filter>
    </ClInclude>
    <ClInclude Include="source\GetSkillInfoFunction.h">
      <Filter>Header Files</Filter>
    </ClInclude>
    <ClInclude Include="source\INSTFLOAT.h">
      <Filter>Header Files</Filter>
    </ClInclude>
    <ClInclude Include="source\INSTINT.h">
      <Filter>Header Files</Filter>
    </ClInclude>
    <ClInclude Include="source\INSTJUMP.h">
      <Filter>Header Files</Filter>
    </ClInclude>
    <ClInclude Include="source\INSTNOP.h">
      <Filter>Header Files</Filter>
    </ClInclude>
    <ClInclude Include="source\INSTPOP.h">
      <Filter>Header Files</Filter>
    </ClInclude>
    <ClInclude Include="source\INSTPUSH.h">
      <Filter>Header Files</Filter>
    </ClInclude>
    <ClInclude Include="source\INSTRUCTION.h">
      <Filter>Header Files</Filter>
    </ClInclude>
    <ClInclude Include="source\MEMACCESSOR.h">
      <Filter>Header Files</Filter>
    </ClInclude>
    <ClInclude Include="source\MEMACCESSORS.h">
      <Filter>Header Files</Filter>
    </ClInclude>
    <ClInclude Include="source\ModAttributeFunction.h">
      <Filter>Header Files</Filter>
    </ClInclude>
    <ClInclude Include="source\ProcessMem.h">
      <Filter>Header Files</Filter>
    </ClInclude>
    <ClInclude Include="source\RandomFloatFunction.h">
      <Filter>Header Files</Filter>
    </ClInclude>
    <ClInclude Include="source\RandomLongFunction.h">
      <Filter>Header Files</Filter>
    </ClInclude>
    <ClInclude Include="source\REFERENCE.h">
      <Filter>Header Files</Filter>
    </ClInclude>
    <ClInclude Include="source\SetGsStringFunction.h">
      <Filter>Header Files</Filter>
    </ClInclude>
    <ClInclude Include="source\SetLevelFunction.h">
      <Filter>Header Files</Filter>
    </ClInclude>
    <ClInclude Include="source\SetSkillInfoFunction.h">
      <Filter>Header Files</Filter>
    </ClInclude>
    <ClInclude Include="source\STRINGS.h">
      <Filter>Header Files</Filter>
    </ClInclude>
    <ClInclude Include="source\TES3MACHINE.h">
      <Filter>Header Files</Filter>
    </ClInclude>
    <ClInclude Include="source\TES3MemMap.h">
      <Filter>Header Files</Filter>
    </ClInclude>
    <ClInclude Include="source\TES3OFFSETS.h">
      <Filter>Header Files</Filter>
    </ClInclude>
    <ClInclude Include="source\TES3OPCODES.h">
      <Filter>Header Files</Filter>
    </ClInclude>
    <ClInclude Include="source\TES3TYPES.h">
      <Filter>Header Files</Filter>
    </ClInclude>
    <ClInclude Include="source\VIRTUALMACHINE.h">
      <Filter>Header Files</Filter>
    </ClInclude>
    <ClInclude Include="source\VMTYPES.h">
      <Filter>Header Files</Filter>
    </ClInclude>
    <ClInclude Include="source\warnings.h">
      <Filter>Header Files</Filter>
    </ClInclude>
    <ClInclude Include="resource.h">
      <Filter>Header Files</Filter>
    </ClInclude>
  </ItemGroup>
  <ItemGroup>
    <ClCompile Include="source\VIRTUALMACHINE.cpp">
      <Filter>Source Files</Filter>
    </ClCompile>
    <ClCompile Include="source\ArrayFunctions.cpp">
      <Filter>Source Files</Filter>
    </ClCompile>
    <ClCompile Include="source\Breakpoint.cpp">
      <Filter>Source Files</Filter>
    </ClCompile>
    <ClCompile Include="source\BUFSPACE.cpp">
      <Filter>Source Files</Filter>
    </ClCompile>
    <ClCompile Include="source\cInstCall.cpp">
      <Filter>Source Files</Filter>
    </ClCompile>
    <ClCompile Include="source\cInstCallShort.cpp">
      <Filter>Source Files</Filter>
    </ClCompile>
    <ClCompile Include="source\cInstCopyFromStack.cpp">
      <Filter>Source Files</Filter>
    </ClCompile>
    <ClCompile Include="source\cInstCopyReg.cpp">
      <Filter>Source Files</Filter>
    </ClCompile>
    <ClCompile Include="source\cInstCopyToStack.cpp">
      <Filter>Source Files</Filter>
    </ClCompile>
    <ClCompile Include="source\cInstReturn.cpp">
      <Filter>Source Files</Filter>
    </ClCompile>
    <ClCompile Include="source\cInstReturnP.cpp">
      <Filter>Source Files</Filter>
    </ClCompile>
    <ClCompile Include="source\cInstReturnVP.cpp">
      <Filter>Source Files</Filter>
    </ClCompile>
    <ClCompile Include="source\cLog.cpp">
      <Filter>Source Files</Filter>
    </ClCompile>
    <ClCompile Include="source\cMailClient.cpp">
      <Filter>Source Files</Filter>
    </ClCompile>
    <ClCompile Include="source\cMWSEMain.cpp">
      <Filter>Source Files</Filter>
    </ClCompile>
    <ClCompile Include="source\FILECACHE.cpp">
      <Filter>Source Files</Filter>
    </ClCompile>
    <ClCompile Include="source\FUNCAI.cpp">
      <Filter>Source Files</Filter>
    </ClCompile>
    <ClCompile Include="source\FUNCEXTENDER.cpp">
      <Filter>Source Files</Filter>
    </ClCompile>
    <ClCompile Include="source\FUNCFILE.cpp">
      <Filter>Source Files</Filter>
    </ClCompile>
    <ClCompile Include="source\FUNCGMST.cpp">
      <Filter>Source Files</Filter>
    </ClCompile>
    <ClCompile Include="source\FUNCINVENTORY.cpp">
      <Filter>Source Files</Filter>
    </ClCompile>
    <ClCompile Include="source\FUNCLOG.cpp">
      <Filter>Source Files</Filter>
    </ClCompile>
    <ClCompile Include="source\FUNCPOSITION.cpp">
      <Filter>Source Files</Filter>
    </ClCompile>
    <ClCompile Include="source\FUNCPROPERTIES.cpp">
      <Filter>Source Files</Filter>
    </ClCompile>
    <ClCompile Include="source\FUNCREFERENCE.cpp">
      <Filter>Source Files</Filter>
    </ClCompile>
    <ClCompile Include="source\FUNCTEXT.cpp">
      <Filter>Source Files</Filter>
    </ClCompile>
    <ClCompile Include="source\FUNCVARIABLES.cpp">
      <Filter>Source Files</Filter>
    </ClCompile>
    <ClCompile Include="source\GetAttributeFunction.cpp">
      <Filter>Source Files</Filter>
    </ClCompile>
    <ClCompile Include="source\GetBaseAttributeFunction.cpp">
      <Filter>Source Files</Filter>
    </ClCompile>
    <ClCompile Include="source\GetEncumbranceFunction.cpp">
      <Filter>Source Files</Filter>
    </ClCompile>
    <ClCompile Include="source\GetGsStringFunction.cpp">
      <Filter>Source Files</Filter>
    </ClCompile>
    <ClCompile Include="source\GetMaxFatigueFunction.cpp">
      <Filter>Source Files</Filter>
    </ClCompile>
    <ClCompile Include="source\GetMaxHealthFunction.cpp">
      <Filter>Source Files</Filter>
    </ClCompile>
    <ClCompile Include="source\GetMaxMagickaFunction.cpp">
      <Filter>Source Files</Filter>
    </ClCompile>
    <ClCompile Include="source\GetRaceFunction.cpp">
      <Filter>Source Files</Filter>
    </ClCompile>
    <ClCompile Include="source\GetSkillFunction.cpp">
      <Filter>Source Files</Filter>
    </ClCompile>
    <ClCompile Include="source\GetSkillInfoFunction.cpp">
      <Filter>Source Files</Filter>
    </ClCompile>
    <ClCompile Include="source\INSTFLOAT.cpp">
      <Filter>Source Files</Filter>
    </ClCompile>
    <ClCompile Include="source\INSTINT.cpp">
      <Filter>Source Files</Filter>
    </ClCompile>
    <ClCompile Include="source\INSTJUMP.cpp">
      <Filter>Source Files</Filter>
    </ClCompile>
    <ClCompile Include="source\INSTPOP.cpp">
      <Filter>Source Files</Filter>
    </ClCompile>
    <ClCompile Include="source\INSTPUSH.cpp">
      <Filter>Source Files</Filter>
    </ClCompile>
    <ClCompile Include="source\main.cpp">
      <Filter>Source Files</Filter>
    </ClCompile>
    <ClCompile Include="source\ModAttributeFunction.cpp">
      <Filter>Source Files</Filter>
    </ClCompile>
    <ClCompile Include="source\ProcessMem.cpp">
      <Filter>Source Files</Filter>
    </ClCompile>
    <ClCompile Include="source\RandomFloatFunction.cpp">
      <Filter>Source Files</Filter>
    </ClCompile>
    <ClCompile Include="source\RandomLongFunction.cpp">
      <Filter>Source Files</Filter>
    </ClCompile>
    <ClCompile Include="source\REFERENCE.cpp">
      <Filter>Source Files</Filter>
    </ClCompile>
    <ClCompile Include="source\SetGsStringFunction.cpp">
      <Filter>Source Files</Filter>
    </ClCompile>
    <ClCompile Include="source\SetLevelFunction.cpp">
      <Filter>Source Files</Filter>
    </ClCompile>
    <ClCompile Include="source\SetSkillInfoFunction.cpp">
      <Filter>Source Files</Filter>
    </ClCompile>
    <ClCompile Include="source\STRING.cpp">
      <Filter>Source Files</Filter>
    </ClCompile>
    <ClCompile Include="source\TES3MACHINE.cpp">
      <Filter>Source Files</Filter>
    </ClCompile>
    <ClCompile Include="source\TES3OFFSETS.cpp">
      <Filter>Source Files</Filter>
    </ClCompile>
  </ItemGroup>
  <ItemGroup>
    <ResourceCompile Include="Resource.rc">
      <Filter>Resource Files</Filter>
    </ResourceCompile>
  </ItemGroup>
</Project>